// !$*UTF8*$!
{
	archiveVersion = 1;
	classes = {
	};
	objectVersion = 46;
	objects = {

/* Begin PBXBuildFile section */
		2BEB66C11B4EADF700E91E1F /* Test.m in Sources */ = {isa = PBXBuildFile; fileRef = 2BEB66C01B4EADF700E91E1F /* Test.m */; };
		2BEB66C81B4EAE1700E91E1F /* UIActionSheet+Addition.m in Sources */ = {isa = PBXBuildFile; fileRef = 2BEB66C71B4EAE1700E91E1F /* UIActionSheet+Addition.m */; };
/* End PBXBuildFile section */

/* Begin PBXFileReference section */
		2BEB66BB1B4EADF700E91E1F /* Test.xctest */ = {isa = PBXFileReference; explicitFileType = wrapper.cfbundle; includeInIndex = 0; path = Test.xctest; sourceTree = BUILT_PRODUCTS_DIR; };
		2BEB66BF1B4EADF700E91E1F /* Info.plist */ = {isa = PBXFileReference; lastKnownFileType = text.plist.xml; path = Info.plist; sourceTree = "<group>"; };
		2BEB66C01B4EADF700E91E1F /* Test.m */ = {isa = PBXFileReference; lastKnownFileType = sourcecode.c.objc; path = Test.m; sourceTree = "<group>"; };
		2BEB66C61B4EAE1700E91E1F /* UIActionSheet+Addition.h */ = {isa = PBXFileReference; fileEncoding = 4; lastKnownFileType = sourcecode.c.h; path = "UIActionSheet+Addition.h"; sourceTree = "<group>"; };
		2BEB66C71B4EAE1700E91E1F /* UIActionSheet+Addition.m */ = {isa = PBXFileReference; fileEncoding = 4; lastKnownFileType = sourcecode.c.objc; path = "UIActionSheet+Addition.m"; sourceTree = "<group>"; };
/* End PBXFileReference section */

/* Begin PBXFrameworksBuildPhase section */
		2BEB66B81B4EADF700E91E1F /* Frameworks */ = {
			isa = PBXFrameworksBuildPhase;
			buildActionMask = 2147483647;
			files = (
			);
			runOnlyForDeploymentPostprocessing = 0;
		};
/* End PBXFrameworksBuildPhase section */

/* Begin PBXGroup section */
		2BEB66B01B4EADED00E91E1F = {
			isa = PBXGroup;
			children = (
				2BEB66C51B4EAE1700E91E1F /* UIActionSheet+Addition */,
				2BEB66BD1B4EADF700E91E1F /* Test */,
				2BEB66BC1B4EADF700E91E1F /* Products */,
			);
			sourceTree = "<group>";
		};
		2BEB66BC1B4EADF700E91E1F /* Products */ = {
			isa = PBXGroup;
			children = (
				2BEB66BB1B4EADF700E91E1F /* Test.xctest */,
			);
			name = Products;
			sourceTree = "<group>";
		};
		2BEB66BD1B4EADF700E91E1F /* Test */ = {
			isa = PBXGroup;
			children = (
				2BEB66C01B4EADF700E91E1F /* Test.m */,
				2BEB66BE1B4EADF700E91E1F /* Supporting Files */,
			);
			path = Test;
			sourceTree = "<group>";
		};
		2BEB66BE1B4EADF700E91E1F /* Supporting Files */ = {
			isa = PBXGroup;
			children = (
				2BEB66BF1B4EADF700E91E1F /* Info.plist */,
			);
			name = "Supporting Files";
			sourceTree = "<group>";
		};
		2BEB66C51B4EAE1700E91E1F /* UIActionSheet+Addition */ = {
			isa = PBXGroup;
			children = (
				2BEB66C61B4EAE1700E91E1F /* UIActionSheet+Addition.h */,
				2BEB66C71B4EAE1700E91E1F /* UIActionSheet+Addition.m */,
			);
			path = "UIActionSheet+Addition";
			sourceTree = "<group>";
		};
/* End PBXGroup section */

/* Begin PBXNativeTarget section */
		2BEB66BA1B4EADF700E91E1F /* Test */ = {
			isa = PBXNativeTarget;
			buildConfigurationList = 2BEB66C21B4EADF700E91E1F /* Build configuration list for PBXNativeTarget "Test" */;
			buildPhases = (
				2BEB66B71B4EADF700E91E1F /* Sources */,
				2BEB66B81B4EADF700E91E1F /* Frameworks */,
				2BEB66B91B4EADF700E91E1F /* Resources */,
			);
			buildRules = (
			);
			dependencies = (
			);
			name = Test;
			productName = Test;
			productReference = 2BEB66BB1B4EADF700E91E1F /* Test.xctest */;
			productType = "com.apple.product-type.bundle.unit-test";
		};
/* End PBXNativeTarget section */

/* Begin PBXProject section */
		2BEB66B11B4EADED00E91E1F /* Project object */ = {
			isa = PBXProject;
			attributes = {
				LastUpgradeCheck = 0640;
				TargetAttributes = {
					2BEB66BA1B4EADF700E91E1F = {
						CreatedOnToolsVersion = 6.4;
					};
				};
			};
			buildConfigurationList = 2BEB66B41B4EADED00E91E1F /* Build configuration list for PBXProject "UIActionSheet+Addition" */;
			compatibilityVersion = "Xcode 3.2";
			developmentRegion = English;
			hasScannedForEncodings = 0;
			knownRegions = (
				en,
			);
			mainGroup = 2BEB66B01B4EADED00E91E1F;
			productRefGroup = 2BEB66BC1B4EADF700E91E1F /* Products */;
			projectDirPath = "";
			projectRoot = "";
			targets = (
				2BEB66BA1B4EADF700E91E1F /* Test */,
			);
		};
/* End PBXProject section */

/* Begin PBXResourcesBuildPhase section */
		2BEB66B91B4EADF700E91E1F /* Resources */ = {
			isa = PBXResourcesBuildPhase;
			buildActionMask = 2147483647;
			files = (
			);
			runOnlyForDeploymentPostprocessing = 0;
		};
/* End PBXResourcesBuildPhase section */

/* Begin PBXSourcesBuildPhase section */
		2BEB66B71B4EADF700E91E1F /* Sources */ = {
			isa = PBXSourcesBuildPhase;
			buildActionMask = 2147483647;
			files = (
				2BEB66C11B4EADF700E91E1F /* Test.m in Sources */,
				2BEB66C81B4EAE1700E91E1F /* UIActionSheet+Addition.m in Sources */,
			);
			runOnlyForDeploymentPostprocessing = 0;
		};
/* End PBXSourcesBuildPhase section */

/* Begin XCBuildConfiguration section */
		2BEB66B51B4EADED00E91E1F /* Debug */ = {
			isa = XCBuildConfiguration;
			buildSettings = {
			};
			name = Debug;
		};
		2BEB66B61B4EADED00E91E1F /* Release */ = {
			isa = XCBuildConfiguration;
			buildSettings = {
			};
			name = Release;
		};
		2BEB66C31B4EADF700E91E1F /* Debug */ = {
			isa = XCBuildConfiguration;
			buildSettings = {
				ALWAYS_SEARCH_USER_PATHS = NO;
				CLANG_CXX_LANGUAGE_STANDARD = "gnu++0x";
				CLANG_CXX_LIBRARY = "libc++";
				CLANG_ENABLE_MODULES = YES;
				CLANG_ENABLE_OBJC_ARC = YES;
				CLANG_WARN_BOOL_CONVERSION = YES;
				CLANG_WARN_CONSTANT_CONVERSION = YES;
				CLANG_WARN_DIRECT_OBJC_ISA_USAGE = YES_ERROR;
				CLANG_WARN_EMPTY_BODY = YES;
				CLANG_WARN_ENUM_CONVERSION = YES;
				CLANG_WARN_INT_CONVERSION = YES;
				CLANG_WARN_OBJC_ROOT_CLASS = YES_ERROR;
				CLANG_WARN_UNREACHABLE_CODE = YES;
				CLANG_WARN__DUPLICATE_METHOD_MATCH = YES;
				COPY_PHASE_STRIP = NO;
				DEBUG_INFORMATION_FORMAT = "dwarf-with-dsym";
				ENABLE_STRICT_OBJC_MSGSEND = YES;
				FRAMEWORK_SEARCH_PATHS = (
					"$(SDKROOT)/Developer/Library/Frameworks",
					"$(inherited)",
				);
				GCC_C_LANGUAGE_STANDARD = gnu99;
				GCC_DYNAMIC_NO_PIC = NO;
				GCC_NO_COMMON_BLOCKS = YES;
				GCC_OPTIMIZATION_LEVEL = 0;
				GCC_PREPROCESSOR_DEFINITIONS = (
					"DEBUG=1",
					"$(inherited)",
				);
				GCC_SYMBOLS_PRIVATE_EXTERN = NO;
				GCC_WARN_64_TO_32_BIT_CONVERSION = YES;
				GCC_WARN_ABOUT_RETURN_TYPE = YES_ERROR;
				GCC_WARN_UNDECLARED_SELECTOR = YES;
				GCC_WARN_UNINITIALIZED_AUTOS = YES_AGGRESSIVE;
				GCC_WARN_UNUSED_FUNCTION = YES;
				GCC_WARN_UNUSED_VARIABLE = YES;
				INFOPLIST_FILE = Test/Info.plist;
				IPHONEOS_DEPLOYMENT_TARGET = 8.4;
				LD_RUNPATH_SEARCH_PATHS = "$(inherited) @executable_path/Frameworks @loader_path/Frameworks";
				MTL_ENABLE_DEBUG_INFO = YES;
				ONLY_ACTIVE_ARCH = YES;
				PRODUCT_NAME = "$(TARGET_NAME)";
				SDKROOT = iphoneos;
			};
			name = Debug;
		};
		2BEB66C41B4EADF700E91E1F /* Release */ = {
			isa = XCBuildConfiguration;
			buildSettings = {
				ALWAYS_SEARCH_USER_PATHS = NO;
				CLANG_CXX_LANGUAGE_STANDARD = "gnu++0x";
				CLANG_CXX_LIBRARY = "libc++";
				CLANG_ENABLE_MODULES = YES;
				CLANG_ENABLE_OBJC_ARC = YES;
				CLANG_WARN_BOOL_CONVERSION = YES;
				CLANG_WARN_CONSTANT_CONVERSION = YES;
				CLANG_WARN_DIRECT_OBJC_ISA_USAGE = YES_ERROR;
				CLANG_WARN_EMPTY_BODY = YES;
				CLANG_WARN_ENUM_CONVERSION = YES;
				CLANG_WARN_INT_CONVERSION = YES;
				CLANG_WARN_OBJC_ROOT_CLASS = YES_ERROR;
				CLANG_WARN_UNREACHABLE_CODE = YES;
				CLANG_WARN__DUPLICATE_METHOD_MATCH = YES;
				COPY_PHASE_STRIP = NO;
				DEBUG_INFORMATION_FORMAT = "dwarf-with-dsym";
				ENABLE_NS_ASSERTIONS = NO;
				ENABLE_STRICT_OBJC_MSGSEND = YES;
				FRAMEWORK_SEARCH_PATHS = (
					"$(SDKROOT)/Developer/Library/Frameworks",
					"$(inherited)",
				);
				GCC_C_LANGUAGE_STANDARD = gnu99;
				GCC_NO_COMMON_BLOCKS = YES;
				GCC_WARN_64_TO_32_BIT_CONVERSION = YES;
				GCC_WARN_ABOUT_RETURN_TYPE = YES_ERROR;
				GCC_WARN_UNDECLARED_SELECTOR = YES;
				GCC_WARN_UNINITIALIZED_AUTOS = YES_AGGRESSIVE;
				GCC_WARN_UNUSED_FUNCTION = YES;
				GCC_WARN_UNUSED_VARIABLE = YES;
				INFOPLIST_FILE = Test/Info.plist;
				IPHONEOS_DEPLOYMENT_TARGET = 8.4;
				LD_RUNPATH_SEARCH_PATHS = "$(inherited) @executable_path/Frameworks @loader_path/Frameworks";
				MTL_ENABLE_DEBUG_INFO = NO;
				PRODUCT_NAME = "$(TARGET_NAME)";
				SDKROOT = iphoneos;
				VALIDATE_PRODUCT = YES;
			};
			name = Release;
		};
/* End XCBuildConfiguration section */

/* Begin XCConfigurationList section */
		2BEB66B41B4EADED00E91E1F /* Build configuration list for PBXProject "UIActionSheet+Addition" */ = {
			isa = XCConfigurationList;
			buildConfigurations = (
				2BEB66B51B4EADED00E91E1F /* Debug */,
				2BEB66B61B4EADED00E91E1F /* Release */,
			);
			defaultConfigurationIsVisible = 0;
			defaultConfigurationName = Release;
		};
		2BEB66C21B4EADF700E91E1F /* Build configuration list for PBXNativeTarget "Test" */ = {
			isa = XCConfigurationList;
			buildConfigurations = (
				2BEB66C31B4EADF700E91E1F /* Debug */,
				2BEB66C41B4EADF700E91E1F /* Release */,
			);
			defaultConfigurationIsVisible = 0;
		};
/* End XCConfigurationList section */
	};
	rootObject = 2BEB66B11B4EADED00E91E1F /* Project object */;
}
