// !$*UTF8*$!
{
	archiveVersion = 1;
	classes = {
	};
	objectVersion = 46;
	objects = {

/* Begin PBXBuildFile section */
		2B65D3C01CC61F1900E8AE00 /* main.m in Sources */ = {isa = PBXBuildFile; fileRef = 2B65D3BF1CC61F1900E8AE00 /* main.m */; };
		2B65D3C31CC61F1900E8AE00 /* AppDelegate.m in Sources */ = {isa = PBXBuildFile; fileRef = 2B65D3C21CC61F1900E8AE00 /* AppDelegate.m */; };
		2B65D3CB1CC61F1900E8AE00 /* Assets.xcassets in Resources */ = {isa = PBXBuildFile; fileRef = 2B65D3CA1CC61F1900E8AE00 /* Assets.xcassets */; };
		2B65D3CE1CC61F1900E8AE00 /* LaunchScreen.storyboard in Resources */ = {isa = PBXBuildFile; fileRef = 2B65D3CC1CC61F1900E8AE00 /* LaunchScreen.storyboard */; };
		2B65D3D51CC61F5A00E8AE00 /* RootViewController.m in Sources */ = {isa = PBXBuildFile; fileRef = 2B65D3D41CC61F5A00E8AE00 /* RootViewController.m */; };
		2B65D3DC1CC61FC900E8AE00 /* AppTest_Addition.m in Sources */ = {isa = PBXBuildFile; fileRef = 2B65D3DB1CC61FC900E8AE00 /* AppTest_Addition.m */; };
		2B65D3E81CC623E100E8AE00 /* UIImage+Addition.m in Sources */ = {isa = PBXBuildFile; fileRef = 2BE9312A1B6B5D5C00780B57 /* UIImage+Addition.m */; };
		2B65D3FB1CC63F7100E8AE00 /* 1.jpeg in Resources */ = {isa = PBXBuildFile; fileRef = 2B65D3F21CC63F7100E8AE00 /* 1.jpeg */; };
		2B65D3FC1CC63F7100E8AE00 /* 2.jpeg in Resources */ = {isa = PBXBuildFile; fileRef = 2B65D3F31CC63F7100E8AE00 /* 2.jpeg */; };
		2B65D3FD1CC63F7100E8AE00 /* 3.jpeg in Resources */ = {isa = PBXBuildFile; fileRef = 2B65D3F41CC63F7100E8AE00 /* 3.jpeg */; };
		2B65D3FE1CC63F7100E8AE00 /* 4.jpeg in Resources */ = {isa = PBXBuildFile; fileRef = 2B65D3F51CC63F7100E8AE00 /* 4.jpeg */; };
		2B65D3FF1CC63F7100E8AE00 /* 5.jpeg in Resources */ = {isa = PBXBuildFile; fileRef = 2B65D3F61CC63F7100E8AE00 /* 5.jpeg */; };
		2B65D4001CC63F7100E8AE00 /* 6.png in Resources */ = {isa = PBXBuildFile; fileRef = 2B65D3F71CC63F7100E8AE00 /* 6.png */; };
		2B65D4011CC63F7100E8AE00 /* 7.png in Resources */ = {isa = PBXBuildFile; fileRef = 2B65D3F81CC63F7100E8AE00 /* 7.png */; };
		2B65D4021CC63F7100E8AE00 /* 8.png in Resources */ = {isa = PBXBuildFile; fileRef = 2B65D3F91CC63F7100E8AE00 /* 8.png */; };
		2B65D4031CC63F7100E8AE00 /* 9.png in Resources */ = {isa = PBXBuildFile; fileRef = 2B65D3FA1CC63F7100E8AE00 /* 9.png */; };
		2BE931241B6B5D2700780B57 /* Test.m in Sources */ = {isa = PBXBuildFile; fileRef = 2BE931231B6B5D2700780B57 /* Test.m */; };
		2BE9312B1B6B5D5C00780B57 /* UIImage+Addition.m in Sources */ = {isa = PBXBuildFile; fileRef = 2BE9312A1B6B5D5C00780B57 /* UIImage+Addition.m */; };
/* End PBXBuildFile section */

/* Begin PBXFileReference section */
		2B65D3BC1CC61F1900E8AE00 /* AppTest.app */ = {isa = PBXFileReference; explicitFileType = wrapper.application; includeInIndex = 0; path = AppTest.app; sourceTree = BUILT_PRODUCTS_DIR; };
		2B65D3BF1CC61F1900E8AE00 /* main.m */ = {isa = PBXFileReference; lastKnownFileType = sourcecode.c.objc; path = main.m; sourceTree = "<group>"; };
		2B65D3C11CC61F1900E8AE00 /* AppDelegate.h */ = {isa = PBXFileReference; lastKnownFileType = sourcecode.c.h; path = AppDelegate.h; sourceTree = "<group>"; };
		2B65D3C21CC61F1900E8AE00 /* AppDelegate.m */ = {isa = PBXFileReference; lastKnownFileType = sourcecode.c.objc; path = AppDelegate.m; sourceTree = "<group>"; };
		2B65D3CA1CC61F1900E8AE00 /* Assets.xcassets */ = {isa = PBXFileReference; lastKnownFileType = folder.assetcatalog; path = Assets.xcassets; sourceTree = "<group>"; };
		2B65D3CD1CC61F1900E8AE00 /* Base */ = {isa = PBXFileReference; lastKnownFileType = file.storyboard; name = Base; path = Base.lproj/LaunchScreen.storyboard; sourceTree = "<group>"; };
		2B65D3CF1CC61F1900E8AE00 /* Info.plist */ = {isa = PBXFileReference; lastKnownFileType = text.plist.xml; path = Info.plist; sourceTree = "<group>"; };
		2B65D3D31CC61F5A00E8AE00 /* RootViewController.h */ = {isa = PBXFileReference; fileEncoding = 4; lastKnownFileType = sourcecode.c.h; path = RootViewController.h; sourceTree = "<group>"; };
		2B65D3D41CC61F5A00E8AE00 /* RootViewController.m */ = {isa = PBXFileReference; fileEncoding = 4; lastKnownFileType = sourcecode.c.objc; path = RootViewController.m; sourceTree = "<group>"; };
		2B65D3DA1CC61FC900E8AE00 /* AppTest_Addition.h */ = {isa = PBXFileReference; fileEncoding = 4; lastKnownFileType = sourcecode.c.h; path = AppTest_Addition.h; sourceTree = "<group>"; };
		2B65D3DB1CC61FC900E8AE00 /* AppTest_Addition.m */ = {isa = PBXFileReference; fileEncoding = 4; lastKnownFileType = sourcecode.c.objc; path = AppTest_Addition.m; sourceTree = "<group>"; };
		2B65D3F21CC63F7100E8AE00 /* 1.jpeg */ = {isa = PBXFileReference; lastKnownFileType = image.jpeg; path = 1.jpeg; sourceTree = "<group>"; };
		2B65D3F31CC63F7100E8AE00 /* 2.jpeg */ = {isa = PBXFileReference; lastKnownFileType = image.jpeg; path = 2.jpeg; sourceTree = "<group>"; };
		2B65D3F41CC63F7100E8AE00 /* 3.jpeg */ = {isa = PBXFileReference; lastKnownFileType = image.jpeg; path = 3.jpeg; sourceTree = "<group>"; };
		2B65D3F51CC63F7100E8AE00 /* 4.jpeg */ = {isa = PBXFileReference; lastKnownFileType = image.jpeg; path = 4.jpeg; sourceTree = "<group>"; };
		2B65D3F61CC63F7100E8AE00 /* 5.jpeg */ = {isa = PBXFileReference; lastKnownFileType = image.jpeg; path = 5.jpeg; sourceTree = "<group>"; };
		2B65D3F71CC63F7100E8AE00 /* 6.png */ = {isa = PBXFileReference; lastKnownFileType = image.png; path = 6.png; sourceTree = "<group>"; };
		2B65D3F81CC63F7100E8AE00 /* 7.png */ = {isa = PBXFileReference; lastKnownFileType = image.png; path = 7.png; sourceTree = "<group>"; };
		2B65D3F91CC63F7100E8AE00 /* 8.png */ = {isa = PBXFileReference; lastKnownFileType = image.png; path = 8.png; sourceTree = "<group>"; };
		2B65D3FA1CC63F7100E8AE00 /* 9.png */ = {isa = PBXFileReference; lastKnownFileType = image.png; path = 9.png; sourceTree = "<group>"; };
		2BE9311E1B6B5D2700780B57 /* Test.xctest */ = {isa = PBXFileReference; explicitFileType = wrapper.cfbundle; includeInIndex = 0; path = Test.xctest; sourceTree = BUILT_PRODUCTS_DIR; };
		2BE931221B6B5D2700780B57 /* Info.plist */ = {isa = PBXFileReference; lastKnownFileType = text.plist.xml; path = Info.plist; sourceTree = "<group>"; };
		2BE931231B6B5D2700780B57 /* Test.m */ = {isa = PBXFileReference; lastKnownFileType = sourcecode.c.objc; path = Test.m; sourceTree = "<group>"; };
		2BE931291B6B5D5C00780B57 /* UIImage+Addition.h */ = {isa = PBXFileReference; fileEncoding = 4; lastKnownFileType = sourcecode.c.h; path = "UIImage+Addition.h"; sourceTree = "<group>"; };
		2BE9312A1B6B5D5C00780B57 /* UIImage+Addition.m */ = {isa = PBXFileReference; fileEncoding = 4; lastKnownFileType = sourcecode.c.objc; path = "UIImage+Addition.m"; sourceTree = "<group>"; };
/* End PBXFileReference section */

/* Begin PBXFrameworksBuildPhase section */
		2B65D3B91CC61F1900E8AE00 /* Frameworks */ = {
			isa = PBXFrameworksBuildPhase;
			buildActionMask = 2147483647;
			files = (
			);
			runOnlyForDeploymentPostprocessing = 0;
		};
		2BE9311B1B6B5D2700780B57 /* Frameworks */ = {
			isa = PBXFrameworksBuildPhase;
			buildActionMask = 2147483647;
			files = (
			);
			runOnlyForDeploymentPostprocessing = 0;
		};
/* End PBXFrameworksBuildPhase section */

/* Begin PBXGroup section */
		2B65D3BD1CC61F1900E8AE00 /* AppTest */ = {
			isa = PBXGroup;
			children = (
				2B65D3C11CC61F1900E8AE00 /* AppDelegate.h */,
				2B65D3C21CC61F1900E8AE00 /* AppDelegate.m */,
				2B65D3D31CC61F5A00E8AE00 /* RootViewController.h */,
				2B65D3D41CC61F5A00E8AE00 /* RootViewController.m */,
				2B65D3D61CC61F9500E8AE00 /* AppTestDemos */,
				2B65D3CA1CC61F1900E8AE00 /* Assets.xcassets */,
				2B65D3CC1CC61F1900E8AE00 /* LaunchScreen.storyboard */,
				2B65D3CF1CC61F1900E8AE00 /* Info.plist */,
				2B65D3F11CC63F7100E8AE00 /* Resources */,
				2B65D3BE1CC61F1900E8AE00 /* Supporting Files */,
			);
			path = AppTest;
			sourceTree = "<group>";
		};
		2B65D3BE1CC61F1900E8AE00 /* Supporting Files */ = {
			isa = PBXGroup;
			children = (
				2B65D3BF1CC61F1900E8AE00 /* main.m */,
			);
			name = "Supporting Files";
			sourceTree = "<group>";
		};
		2B65D3D61CC61F9500E8AE00 /* AppTestDemos */ = {
			isa = PBXGroup;
			children = (
				2B65D3DA1CC61FC900E8AE00 /* AppTest_Addition.h */,
				2B65D3DB1CC61FC900E8AE00 /* AppTest_Addition.m */,
			);
			path = AppTestDemos;
			sourceTree = "<group>";
		};
		2B65D3F11CC63F7100E8AE00 /* Resources */ = {
			isa = PBXGroup;
			children = (
				2B65D3F21CC63F7100E8AE00 /* 1.jpeg */,
				2B65D3F31CC63F7100E8AE00 /* 2.jpeg */,
				2B65D3F41CC63F7100E8AE00 /* 3.jpeg */,
				2B65D3F51CC63F7100E8AE00 /* 4.jpeg */,
				2B65D3F61CC63F7100E8AE00 /* 5.jpeg */,
				2B65D3F71CC63F7100E8AE00 /* 6.png */,
				2B65D3F81CC63F7100E8AE00 /* 7.png */,
				2B65D3F91CC63F7100E8AE00 /* 8.png */,
				2B65D3FA1CC63F7100E8AE00 /* 9.png */,
			);
			path = Resources;
			sourceTree = "<group>";
		};
		2BE931131B6B5D1900780B57 = {
			isa = PBXGroup;
			children = (
				2BE931281B6B5D4900780B57 /* UIImage+Addition */,
				2BE931201B6B5D2700780B57 /* Test */,
				2B65D3BD1CC61F1900E8AE00 /* AppTest */,
				2BE9311F1B6B5D2700780B57 /* Products */,
			);
			sourceTree = "<group>";
		};
		2BE9311F1B6B5D2700780B57 /* Products */ = {
			isa = PBXGroup;
			children = (
				2BE9311E1B6B5D2700780B57 /* Test.xctest */,
				2B65D3BC1CC61F1900E8AE00 /* AppTest.app */,
			);
			name = Products;
			sourceTree = "<group>";
		};
		2BE931201B6B5D2700780B57 /* Test */ = {
			isa = PBXGroup;
			children = (
				2BE931231B6B5D2700780B57 /* Test.m */,
				2BE931211B6B5D2700780B57 /* Supporting Files */,
			);
			path = Test;
			sourceTree = "<group>";
		};
		2BE931211B6B5D2700780B57 /* Supporting Files */ = {
			isa = PBXGroup;
			children = (
				2BE931221B6B5D2700780B57 /* Info.plist */,
			);
			name = "Supporting Files";
			sourceTree = "<group>";
		};
		2BE931281B6B5D4900780B57 /* UIImage+Addition */ = {
			isa = PBXGroup;
			children = (
				2BE931291B6B5D5C00780B57 /* UIImage+Addition.h */,
				2BE9312A1B6B5D5C00780B57 /* UIImage+Addition.m */,
			);
			path = "UIImage+Addition";
			sourceTree = "<group>";
		};
/* End PBXGroup section */

/* Begin PBXNativeTarget section */
		2B65D3BB1CC61F1900E8AE00 /* AppTest */ = {
			isa = PBXNativeTarget;
			buildConfigurationList = 2B65D3D21CC61F1900E8AE00 /* Build configuration list for PBXNativeTarget "AppTest" */;
			buildPhases = (
				2B65D3B81CC61F1900E8AE00 /* Sources */,
				2B65D3B91CC61F1900E8AE00 /* Frameworks */,
				2B65D3BA1CC61F1900E8AE00 /* Resources */,
			);
			buildRules = (
			);
			dependencies = (
			);
			name = AppTest;
			productName = AppTest;
			productReference = 2B65D3BC1CC61F1900E8AE00 /* AppTest.app */;
			productType = "com.apple.product-type.application";
		};
		2BE9311D1B6B5D2700780B57 /* Test */ = {
			isa = PBXNativeTarget;
			buildConfigurationList = 2BE931251B6B5D2700780B57 /* Build configuration list for PBXNativeTarget "Test" */;
			buildPhases = (
				2BE9311A1B6B5D2700780B57 /* Sources */,
				2BE9311B1B6B5D2700780B57 /* Frameworks */,
				2BE9311C1B6B5D2700780B57 /* Resources */,
			);
			buildRules = (
			);
			dependencies = (
			);
			name = Test;
			productName = Test;
			productReference = 2BE9311E1B6B5D2700780B57 /* Test.xctest */;
			productType = "com.apple.product-type.bundle.unit-test";
		};
/* End PBXNativeTarget section */

/* Begin PBXProject section */
		2BE931141B6B5D1900780B57 /* Project object */ = {
			isa = PBXProject;
			attributes = {
				LastUpgradeCheck = 0640;
				TargetAttributes = {
					2B65D3BB1CC61F1900E8AE00 = {
						CreatedOnToolsVersion = 7.2.1;
					};
					2BE9311D1B6B5D2700780B57 = {
						CreatedOnToolsVersion = 6.4;
					};
				};
			};
			buildConfigurationList = 2BE931171B6B5D1900780B57 /* Build configuration list for PBXProject "UIImage+Addition" */;
			compatibilityVersion = "Xcode 3.2";
			developmentRegion = English;
			hasScannedForEncodings = 0;
			knownRegions = (
				en,
				Base,
			);
			mainGroup = 2BE931131B6B5D1900780B57;
			productRefGroup = 2BE9311F1B6B5D2700780B57 /* Products */;
			projectDirPath = "";
			projectRoot = "";
			targets = (
				2BE9311D1B6B5D2700780B57 /* Test */,
				2B65D3BB1CC61F1900E8AE00 /* AppTest */,
			);
		};
/* End PBXProject section */

/* Begin PBXResourcesBuildPhase section */
		2B65D3BA1CC61F1900E8AE00 /* Resources */ = {
			isa = PBXResourcesBuildPhase;
			buildActionMask = 2147483647;
			files = (
				2B65D4031CC63F7100E8AE00 /* 9.png in Resources */,
				2B65D4021CC63F7100E8AE00 /* 8.png in Resources */,
				2B65D4011CC63F7100E8AE00 /* 7.png in Resources */,
				2B65D3FD1CC63F7100E8AE00 /* 3.jpeg in Resources */,
				2B65D3FC1CC63F7100E8AE00 /* 2.jpeg in Resources */,
				2B65D3CE1CC61F1900E8AE00 /* LaunchScreen.storyboard in Resources */,
				2B65D3FF1CC63F7100E8AE00 /* 5.jpeg in Resources */,
				2B65D3FB1CC63F7100E8AE00 /* 1.jpeg in Resources */,
				2B65D3FE1CC63F7100E8AE00 /* 4.jpeg in Resources */,
				2B65D4001CC63F7100E8AE00 /* 6.png in Resources */,
				2B65D3CB1CC61F1900E8AE00 /* Assets.xcassets in Resources */,
			);
			runOnlyForDeploymentPostprocessing = 0;
		};
		2BE9311C1B6B5D2700780B57 /* Resources */ = {
			isa = PBXResourcesBuildPhase;
			buildActionMask = 2147483647;
			files = (
			);
			runOnlyForDeploymentPostprocessing = 0;
		};
/* End PBXResourcesBuildPhase section */

/* Begin PBXSourcesBuildPhase section */
		2B65D3B81CC61F1900E8AE00 /* Sources */ = {
			isa = PBXSourcesBuildPhase;
			buildActionMask = 2147483647;
			files = (
				2B65D3E81CC623E100E8AE00 /* UIImage+Addition.m in Sources */,
				2B65D3DC1CC61FC900E8AE00 /* AppTest_Addition.m in Sources */,
				2B65D3C31CC61F1900E8AE00 /* AppDelegate.m in Sources */,
				2B65D3D51CC61F5A00E8AE00 /* RootViewController.m in Sources */,
				2B65D3C01CC61F1900E8AE00 /* main.m in Sources */,
			);
			runOnlyForDeploymentPostprocessing = 0;
		};
		2BE9311A1B6B5D2700780B57 /* Sources */ = {
			isa = PBXSourcesBuildPhase;
			buildActionMask = 2147483647;
			files = (
				2BE931241B6B5D2700780B57 /* Test.m in Sources */,
				2BE9312B1B6B5D5C00780B57 /* UIImage+Addition.m in Sources */,
			);
			runOnlyForDeploymentPostprocessing = 0;
		};
/* End PBXSourcesBuildPhase section */

/* Begin PBXVariantGroup section */
		2B65D3CC1CC61F1900E8AE00 /* LaunchScreen.storyboard */ = {
			isa = PBXVariantGroup;
			children = (
				2B65D3CD1CC61F1900E8AE00 /* Base */,
			);
			name = LaunchScreen.storyboard;
			sourceTree = "<group>";
		};
/* End PBXVariantGroup section */

/* Begin XCBuildConfiguration section */
		2B65D3D01CC61F1900E8AE00 /* Debug */ = {
			isa = XCBuildConfiguration;
			buildSettings = {
				ALWAYS_SEARCH_USER_PATHS = NO;
				ASSETCATALOG_COMPILER_APPICON_NAME = AppIcon;
				CLANG_CXX_LANGUAGE_STANDARD = "gnu++0x";
				CLANG_CXX_LIBRARY = "libc++";
				CLANG_ENABLE_MODULES = YES;
				CLANG_ENABLE_OBJC_ARC = YES;
				CLANG_WARN_BOOL_CONVERSION = YES;
				CLANG_WARN_CONSTANT_CONVERSION = YES;
				CLANG_WARN_DIRECT_OBJC_ISA_USAGE = YES_ERROR;
				CLANG_WARN_EMPTY_BODY = YES;
				CLANG_WARN_ENUM_CONVERSION = YES;
				CLANG_WARN_INT_CONVERSION = YES;
				CLANG_WARN_OBJC_ROOT_CLASS = YES_ERROR;
				CLANG_WARN_UNREACHABLE_CODE = YES;
				CLANG_WARN__DUPLICATE_METHOD_MATCH = YES;
				"CODE_SIGN_IDENTITY[sdk=iphoneos*]" = "iPhone Developer";
				COPY_PHASE_STRIP = NO;
				DEBUG_INFORMATION_FORMAT = dwarf;
				ENABLE_STRICT_OBJC_MSGSEND = YES;
				ENABLE_TESTABILITY = YES;
				GCC_C_LANGUAGE_STANDARD = gnu99;
				GCC_DYNAMIC_NO_PIC = NO;
				GCC_NO_COMMON_BLOCKS = YES;
				GCC_OPTIMIZATION_LEVEL = 0;
				GCC_PREPROCESSOR_DEFINITIONS = (
					"DEBUG=1",
					"$(inherited)",
				);
				GCC_WARN_64_TO_32_BIT_CONVERSION = YES;
				GCC_WARN_ABOUT_RETURN_TYPE = YES_ERROR;
				GCC_WARN_UNDECLARED_SELECTOR = YES;
				GCC_WARN_UNINITIALIZED_AUTOS = YES_AGGRESSIVE;
				GCC_WARN_UNUSED_FUNCTION = YES;
				GCC_WARN_UNUSED_VARIABLE = YES;
				INFOPLIST_FILE = AppTest/Info.plist;
				LD_RUNPATH_SEARCH_PATHS = "$(inherited) @executable_path/Frameworks";
				MTL_ENABLE_DEBUG_INFO = YES;
				ONLY_ACTIVE_ARCH = YES;
				PRODUCT_BUNDLE_IDENTIFIER = com.wc.AppTest;
				PRODUCT_NAME = "$(TARGET_NAME)";
				SDKROOT = iphoneos;
				TARGETED_DEVICE_FAMILY = "1,2";
			};
			name = Debug;
		};
		2B65D3D11CC61F1900E8AE00 /* Release */ = {
			isa = XCBuildConfiguration;
			buildSettings = {
				ALWAYS_SEARCH_USER_PATHS = NO;
				ASSETCATALOG_COMPILER_APPICON_NAME = AppIcon;
				CLANG_CXX_LANGUAGE_STANDARD = "gnu++0x";
				CLANG_CXX_LIBRARY = "libc++";
				CLANG_ENABLE_MODULES = YES;
				CLANG_ENABLE_OBJC_ARC = YES;
				CLANG_WARN_BOOL_CONVERSION = YES;
				CLANG_WARN_CONSTANT_CONVERSION = YES;
				CLANG_WARN_DIRECT_OBJC_ISA_USAGE = YES_ERROR;
				CLANG_WARN_EMPTY_BODY = YES;
				CLANG_WARN_ENUM_CONVERSION = YES;
				CLANG_WARN_INT_CONVERSION = YES;
				CLANG_WARN_OBJC_ROOT_CLASS = YES_ERROR;
				CLANG_WARN_UNREACHABLE_CODE = YES;
				CLANG_WARN__DUPLICATE_METHOD_MATCH = YES;
				"CODE_SIGN_IDENTITY[sdk=iphoneos*]" = "iPhone Developer";
				COPY_PHASE_STRIP = NO;
				DEBUG_INFORMATION_FORMAT = "dwarf-with-dsym";
				ENABLE_NS_ASSERTIONS = NO;
				ENABLE_STRICT_OBJC_MSGSEND = YES;
				GCC_C_LANGUAGE_STANDARD = gnu99;
				GCC_NO_COMMON_BLOCKS = YES;
				GCC_WARN_64_TO_32_BIT_CONVERSION = YES;
				GCC_WARN_ABOUT_RETURN_TYPE = YES_ERROR;
				GCC_WARN_UNDECLARED_SELECTOR = YES;
				GCC_WARN_UNINITIALIZED_AUTOS = YES_AGGRESSIVE;
				GCC_WARN_UNUSED_FUNCTION = YES;
				GCC_WARN_UNUSED_VARIABLE = YES;
				INFOPLIST_FILE = AppTest/Info.plist;
				LD_RUNPATH_SEARCH_PATHS = "$(inherited) @executable_path/Frameworks";
				MTL_ENABLE_DEBUG_INFO = NO;
				PRODUCT_BUNDLE_IDENTIFIER = com.wc.AppTest;
				PRODUCT_NAME = "$(TARGET_NAME)";
				SDKROOT = iphoneos;
				TARGETED_DEVICE_FAMILY = "1,2";
				VALIDATE_PRODUCT = YES;
			};
			name = Release;
		};
		2BE931181B6B5D1900780B57 /* Debug */ = {
			isa = XCBuildConfiguration;
			buildSettings = {
				IPHONEOS_DEPLOYMENT_TARGET = 7.0;
			};
			name = Debug;
		};
		2BE931191B6B5D1900780B57 /* Release */ = {
			isa = XCBuildConfiguration;
			buildSettings = {
				IPHONEOS_DEPLOYMENT_TARGET = 7.0;
			};
			name = Release;
		};
		2BE931261B6B5D2700780B57 /* Debug */ = {
			isa = XCBuildConfiguration;
			buildSettings = {
				ALWAYS_SEARCH_USER_PATHS = NO;
				CLANG_CXX_LANGUAGE_STANDARD = "gnu++0x";
				CLANG_CXX_LIBRARY = "libc++";
				CLANG_ENABLE_MODULES = YES;
				CLANG_ENABLE_OBJC_ARC = YES;
				CLANG_WARN_BOOL_CONVERSION = YES;
				CLANG_WARN_CONSTANT_CONVERSION = YES;
				CLANG_WARN_DIRECT_OBJC_ISA_USAGE = YES_ERROR;
				CLANG_WARN_EMPTY_BODY = YES;
				CLANG_WARN_ENUM_CONVERSION = YES;
				CLANG_WARN_INT_CONVERSION = YES;
				CLANG_WARN_OBJC_ROOT_CLASS = YES_ERROR;
				CLANG_WARN_UNREACHABLE_CODE = YES;
				CLANG_WARN__DUPLICATE_METHOD_MATCH = YES;
				COPY_PHASE_STRIP = NO;
				DEBUG_INFORMATION_FORMAT = "dwarf-with-dsym";
				ENABLE_STRICT_OBJC_MSGSEND = YES;
				FRAMEWORK_SEARCH_PATHS = (
					"$(SDKROOT)/Developer/Library/Frameworks",
					"$(inherited)",
				);
				GCC_C_LANGUAGE_STANDARD = gnu99;
				GCC_DYNAMIC_NO_PIC = NO;
				GCC_NO_COMMON_BLOCKS = YES;
				GCC_OPTIMIZATION_LEVEL = 0;
				GCC_PREPROCESSOR_DEFINITIONS = (
					"DEBUG=1",
					"$(inherited)",
				);
				GCC_SYMBOLS_PRIVATE_EXTERN = NO;
				GCC_WARN_64_TO_32_BIT_CONVERSION = YES;
				GCC_WARN_ABOUT_RETURN_TYPE = YES_ERROR;
				GCC_WARN_UNDECLARED_SELECTOR = YES;
				GCC_WARN_UNINITIALIZED_AUTOS = YES_AGGRESSIVE;
				GCC_WARN_UNUSED_FUNCTION = YES;
				GCC_WARN_UNUSED_VARIABLE = YES;
				INFOPLIST_FILE = Test/Info.plist;
				IPHONEOS_DEPLOYMENT_TARGET = 8.4;
				LD_RUNPATH_SEARCH_PATHS = "$(inherited) @executable_path/Frameworks @loader_path/Frameworks";
				MTL_ENABLE_DEBUG_INFO = YES;
				ONLY_ACTIVE_ARCH = YES;
				PRODUCT_NAME = "$(TARGET_NAME)";
				SDKROOT = iphoneos;
			};
			name = Debug;
		};
		2BE931271B6B5D2700780B57 /* Release */ = {
			isa = XCBuildConfiguration;
			buildSettings = {
				ALWAYS_SEARCH_USER_PATHS = NO;
				CLANG_CXX_LANGUAGE_STANDARD = "gnu++0x";
				CLANG_CXX_LIBRARY = "libc++";
				CLANG_ENABLE_MODULES = YES;
				CLANG_ENABLE_OBJC_ARC = YES;
				CLANG_WARN_BOOL_CONVERSION = YES;
				CLANG_WARN_CONSTANT_CONVERSION = YES;
				CLANG_WARN_DIRECT_OBJC_ISA_USAGE = YES_ERROR;
				CLANG_WARN_EMPTY_BODY = YES;
				CLANG_WARN_ENUM_CONVERSION = YES;
				CLANG_WARN_INT_CONVERSION = YES;
				CLANG_WARN_OBJC_ROOT_CLASS = YES_ERROR;
				CLANG_WARN_UNREACHABLE_CODE = YES;
				CLANG_WARN__DUPLICATE_METHOD_MATCH = YES;
				COPY_PHASE_STRIP = NO;
				DEBUG_INFORMATION_FORMAT = "dwarf-with-dsym";
				ENABLE_NS_ASSERTIONS = NO;
				ENABLE_STRICT_OBJC_MSGSEND = YES;
				FRAMEWORK_SEARCH_PATHS = (
					"$(SDKROOT)/Developer/Library/Frameworks",
					"$(inherited)",
				);
				GCC_C_LANGUAGE_STANDARD = gnu99;
				GCC_NO_COMMON_BLOCKS = YES;
				GCC_WARN_64_TO_32_BIT_CONVERSION = YES;
				GCC_WARN_ABOUT_RETURN_TYPE = YES_ERROR;
				GCC_WARN_UNDECLARED_SELECTOR = YES;
				GCC_WARN_UNINITIALIZED_AUTOS = YES_AGGRESSIVE;
				GCC_WARN_UNUSED_FUNCTION = YES;
				GCC_WARN_UNUSED_VARIABLE = YES;
				INFOPLIST_FILE = Test/Info.plist;
				IPHONEOS_DEPLOYMENT_TARGET = 8.4;
				LD_RUNPATH_SEARCH_PATHS = "$(inherited) @executable_path/Frameworks @loader_path/Frameworks";
				MTL_ENABLE_DEBUG_INFO = NO;
				PRODUCT_NAME = "$(TARGET_NAME)";
				SDKROOT = iphoneos;
				VALIDATE_PRODUCT = YES;
			};
			name = Release;
		};
/* End XCBuildConfiguration section */

/* Begin XCConfigurationList section */
		2B65D3D21CC61F1900E8AE00 /* Build configuration list for PBXNativeTarget "AppTest" */ = {
			isa = XCConfigurationList;
			buildConfigurations = (
				2B65D3D01CC61F1900E8AE00 /* Debug */,
				2B65D3D11CC61F1900E8AE00 /* Release */,
			);
			defaultConfigurationIsVisible = 0;
		};
		2BE931171B6B5D1900780B57 /* Build configuration list for PBXProject "UIImage+Addition" */ = {
			isa = XCConfigurationList;
			buildConfigurations = (
				2BE931181B6B5D1900780B57 /* Debug */,
				2BE931191B6B5D1900780B57 /* Release */,
			);
			defaultConfigurationIsVisible = 0;
			defaultConfigurationName = Release;
		};
		2BE931251B6B5D2700780B57 /* Build configuration list for PBXNativeTarget "Test" */ = {
			isa = XCConfigurationList;
			buildConfigurations = (
				2BE931261B6B5D2700780B57 /* Debug */,
				2BE931271B6B5D2700780B57 /* Release */,
			);
			defaultConfigurationIsVisible = 0;
			defaultConfigurationName = Release;
		};
/* End XCConfigurationList section */
	};
	rootObject = 2BE931141B6B5D1900780B57 /* Project object */;
}
