// !$*UTF8*$!
{
	archiveVersion = 1;
	classes = {
	};
	objectVersion = 46;
	objects = {

/* Begin PBXBuildFile section */
		2B9842CC1B3C0A7A0080D5BF /* Test.m in Sources */ = {isa = PBXBuildFile; fileRef = 2B9842CB1B3C0A7A0080D5BF /* Test.m */; };
		2B9842D31B3C0AA00080D5BF /* UIToolbar+Addition.m in Sources */ = {isa = PBXBuildFile; fileRef = 2B9842D21B3C0AA00080D5BF /* UIToolbar+Addition.m */; };
/* End PBXBuildFile section */

/* Begin PBXFileReference section */
		2B9842C61B3C0A7A0080D5BF /* Test.xctest */ = {isa = PBXFileReference; explicitFileType = wrapper.cfbundle; includeInIndex = 0; path = Test.xctest; sourceTree = BUILT_PRODUCTS_DIR; };
		2B9842CA1B3C0A7A0080D5BF /* Info.plist */ = {isa = PBXFileReference; lastKnownFileType = text.plist.xml; path = Info.plist; sourceTree = "<group>"; };
		2B9842CB1B3C0A7A0080D5BF /* Test.m */ = {isa = PBXFileReference; lastKnownFileType = sourcecode.c.objc; path = Test.m; sourceTree = "<group>"; };
		2B9842D11B3C0AA00080D5BF /* UIToolbar+Addition.h */ = {isa = PBXFileReference; fileEncoding = 4; lastKnownFileType = sourcecode.c.h; path = "UIToolbar+Addition.h"; sourceTree = "<group>"; };
		2B9842D21B3C0AA00080D5BF /* UIToolbar+Addition.m */ = {isa = PBXFileReference; fileEncoding = 4; lastKnownFileType = sourcecode.c.objc; path = "UIToolbar+Addition.m"; sourceTree = "<group>"; };
/* End PBXFileReference section */

/* Begin PBXFrameworksBuildPhase section */
		2B9842C31B3C0A7A0080D5BF /* Frameworks */ = {
			isa = PBXFrameworksBuildPhase;
			buildActionMask = 2147483647;
			files = (
			);
			runOnlyForDeploymentPostprocessing = 0;
		};
/* End PBXFrameworksBuildPhase section */

/* Begin PBXGroup section */
		2B9842BB1B3C0A700080D5BF = {
			isa = PBXGroup;
			children = (
				2B9842D01B3C0A8D0080D5BF /* UIToolbar+Addition */,
				2B9842C81B3C0A7A0080D5BF /* Test */,
				2B9842C71B3C0A7A0080D5BF /* Products */,
			);
			sourceTree = "<group>";
		};
		2B9842C71B3C0A7A0080D5BF /* Products */ = {
			isa = PBXGroup;
			children = (
				2B9842C61B3C0A7A0080D5BF /* Test.xctest */,
			);
			name = Products;
			sourceTree = "<group>";
		};
		2B9842C81B3C0A7A0080D5BF /* Test */ = {
			isa = PBXGroup;
			children = (
				2B9842CB1B3C0A7A0080D5BF /* Test.m */,
				2B9842C91B3C0A7A0080D5BF /* Supporting Files */,
			);
			path = Test;
			sourceTree = "<group>";
		};
		2B9842C91B3C0A7A0080D5BF /* Supporting Files */ = {
			isa = PBXGroup;
			children = (
				2B9842CA1B3C0A7A0080D5BF /* Info.plist */,
			);
			name = "Supporting Files";
			sourceTree = "<group>";
		};
		2B9842D01B3C0A8D0080D5BF /* UIToolbar+Addition */ = {
			isa = PBXGroup;
			children = (
				2B9842D11B3C0AA00080D5BF /* UIToolbar+Addition.h */,
				2B9842D21B3C0AA00080D5BF /* UIToolbar+Addition.m */,
			);
			path = "UIToolbar+Addition";
			sourceTree = "<group>";
		};
/* End PBXGroup section */

/* Begin PBXNativeTarget section */
		2B9842C51B3C0A7A0080D5BF /* Test */ = {
			isa = PBXNativeTarget;
			buildConfigurationList = 2B9842CD1B3C0A7A0080D5BF /* Build configuration list for PBXNativeTarget "Test" */;
			buildPhases = (
				2B9842C21B3C0A7A0080D5BF /* Sources */,
				2B9842C31B3C0A7A0080D5BF /* Frameworks */,
				2B9842C41B3C0A7A0080D5BF /* Resources */,
			);
			buildRules = (
			);
			dependencies = (
			);
			name = Test;
			productName = Test;
			productReference = 2B9842C61B3C0A7A0080D5BF /* Test.xctest */;
			productType = "com.apple.product-type.bundle.unit-test";
		};
/* End PBXNativeTarget section */

/* Begin PBXProject section */
		2B9842BC1B3C0A700080D5BF /* Project object */ = {
			isa = PBXProject;
			attributes = {
				LastUpgradeCheck = 0630;
				TargetAttributes = {
					2B9842C51B3C0A7A0080D5BF = {
						CreatedOnToolsVersion = 6.3.2;
					};
				};
			};
			buildConfigurationList = 2B9842BF1B3C0A700080D5BF /* Build configuration list for PBXProject "UIToolbar+Addition" */;
			compatibilityVersion = "Xcode 3.2";
			developmentRegion = English;
			hasScannedForEncodings = 0;
			knownRegions = (
				en,
			);
			mainGroup = 2B9842BB1B3C0A700080D5BF;
			productRefGroup = 2B9842C71B3C0A7A0080D5BF /* Products */;
			projectDirPath = "";
			projectRoot = "";
			targets = (
				2B9842C51B3C0A7A0080D5BF /* Test */,
			);
		};
/* End PBXProject section */

/* Begin PBXResourcesBuildPhase section */
		2B9842C41B3C0A7A0080D5BF /* Resources */ = {
			isa = PBXResourcesBuildPhase;
			buildActionMask = 2147483647;
			files = (
			);
			runOnlyForDeploymentPostprocessing = 0;
		};
/* End PBXResourcesBuildPhase section */

/* Begin PBXSourcesBuildPhase section */
		2B9842C21B3C0A7A0080D5BF /* Sources */ = {
			isa = PBXSourcesBuildPhase;
			buildActionMask = 2147483647;
			files = (
				2B9842CC1B3C0A7A0080D5BF /* Test.m in Sources */,
				2B9842D31B3C0AA00080D5BF /* UIToolbar+Addition.m in Sources */,
			);
			runOnlyForDeploymentPostprocessing = 0;
		};
/* End PBXSourcesBuildPhase section */

/* Begin XCBuildConfiguration section */
		2B9842C01B3C0A700080D5BF /* Debug */ = {
			isa = XCBuildConfiguration;
			buildSettings = {
			};
			name = Debug;
		};
		2B9842C11B3C0A700080D5BF /* Release */ = {
			isa = XCBuildConfiguration;
			buildSettings = {
			};
			name = Release;
		};
		2B9842CE1B3C0A7A0080D5BF /* Debug */ = {
			isa = XCBuildConfiguration;
			buildSettings = {
				ALWAYS_SEARCH_USER_PATHS = NO;
				CLANG_CXX_LANGUAGE_STANDARD = "gnu++0x";
				CLANG_CXX_LIBRARY = "libc++";
				CLANG_ENABLE_MODULES = YES;
				CLANG_ENABLE_OBJC_ARC = YES;
				CLANG_WARN_BOOL_CONVERSION = YES;
				CLANG_WARN_CONSTANT_CONVERSION = YES;
				CLANG_WARN_DIRECT_OBJC_ISA_USAGE = YES_ERROR;
				CLANG_WARN_EMPTY_BODY = YES;
				CLANG_WARN_ENUM_CONVERSION = YES;
				CLANG_WARN_INT_CONVERSION = YES;
				CLANG_WARN_OBJC_ROOT_CLASS = YES_ERROR;
				CLANG_WARN_UNREACHABLE_CODE = YES;
				CLANG_WARN__DUPLICATE_METHOD_MATCH = YES;
				COPY_PHASE_STRIP = NO;
				DEBUG_INFORMATION_FORMAT = "dwarf-with-dsym";
				ENABLE_STRICT_OBJC_MSGSEND = YES;
				FRAMEWORK_SEARCH_PATHS = (
					"$(SDKROOT)/Developer/Library/Frameworks",
					"$(inherited)",
				);
				GCC_C_LANGUAGE_STANDARD = gnu99;
				GCC_DYNAMIC_NO_PIC = NO;
				GCC_NO_COMMON_BLOCKS = YES;
				GCC_OPTIMIZATION_LEVEL = 0;
				GCC_PREPROCESSOR_DEFINITIONS = (
					"DEBUG=1",
					"$(inherited)",
				);
				GCC_SYMBOLS_PRIVATE_EXTERN = NO;
				GCC_WARN_64_TO_32_BIT_CONVERSION = YES;
				GCC_WARN_ABOUT_RETURN_TYPE = YES_ERROR;
				GCC_WARN_UNDECLARED_SELECTOR = YES;
				GCC_WARN_UNINITIALIZED_AUTOS = YES_AGGRESSIVE;
				GCC_WARN_UNUSED_FUNCTION = YES;
				GCC_WARN_UNUSED_VARIABLE = YES;
				INFOPLIST_FILE = Test/Info.plist;
				IPHONEOS_DEPLOYMENT_TARGET = 8.3;
				LD_RUNPATH_SEARCH_PATHS = "$(inherited) @executable_path/Frameworks @loader_path/Frameworks";
				MTL_ENABLE_DEBUG_INFO = YES;
				ONLY_ACTIVE_ARCH = YES;
				PRODUCT_NAME = "$(TARGET_NAME)";
				SDKROOT = iphoneos;
			};
			name = Debug;
		};
		2B9842CF1B3C0A7A0080D5BF /* Release */ = {
			isa = XCBuildConfiguration;
			buildSettings = {
				ALWAYS_SEARCH_USER_PATHS = NO;
				CLANG_CXX_LANGUAGE_STANDARD = "gnu++0x";
				CLANG_CXX_LIBRARY = "libc++";
				CLANG_ENABLE_MODULES = YES;
				CLANG_ENABLE_OBJC_ARC = YES;
				CLANG_WARN_BOOL_CONVERSION = YES;
				CLANG_WARN_CONSTANT_CONVERSION = YES;
				CLANG_WARN_DIRECT_OBJC_ISA_USAGE = YES_ERROR;
				CLANG_WARN_EMPTY_BODY = YES;
				CLANG_WARN_ENUM_CONVERSION = YES;
				CLANG_WARN_INT_CONVERSION = YES;
				CLANG_WARN_OBJC_ROOT_CLASS = YES_ERROR;
				CLANG_WARN_UNREACHABLE_CODE = YES;
				CLANG_WARN__DUPLICATE_METHOD_MATCH = YES;
				COPY_PHASE_STRIP = NO;
				DEBUG_INFORMATION_FORMAT = "dwarf-with-dsym";
				ENABLE_NS_ASSERTIONS = NO;
				ENABLE_STRICT_OBJC_MSGSEND = YES;
				FRAMEWORK_SEARCH_PATHS = (
					"$(SDKROOT)/Developer/Library/Frameworks",
					"$(inherited)",
				);
				GCC_C_LANGUAGE_STANDARD = gnu99;
				GCC_NO_COMMON_BLOCKS = YES;
				GCC_WARN_64_TO_32_BIT_CONVERSION = YES;
				GCC_WARN_ABOUT_RETURN_TYPE = YES_ERROR;
				GCC_WARN_UNDECLARED_SELECTOR = YES;
				GCC_WARN_UNINITIALIZED_AUTOS = YES_AGGRESSIVE;
				GCC_WARN_UNUSED_FUNCTION = YES;
				GCC_WARN_UNUSED_VARIABLE = YES;
				INFOPLIST_FILE = Test/Info.plist;
				IPHONEOS_DEPLOYMENT_TARGET = 8.3;
				LD_RUNPATH_SEARCH_PATHS = "$(inherited) @executable_path/Frameworks @loader_path/Frameworks";
				MTL_ENABLE_DEBUG_INFO = NO;
				PRODUCT_NAME = "$(TARGET_NAME)";
				SDKROOT = iphoneos;
				VALIDATE_PRODUCT = YES;
			};
			name = Release;
		};
/* End XCBuildConfiguration section */

/* Begin XCConfigurationList section */
		2B9842BF1B3C0A700080D5BF /* Build configuration list for PBXProject "UIToolbar+Addition" */ = {
			isa = XCConfigurationList;
			buildConfigurations = (
				2B9842C01B3C0A700080D5BF /* Debug */,
				2B9842C11B3C0A700080D5BF /* Release */,
			);
			defaultConfigurationIsVisible = 0;
			defaultConfigurationName = Release;
		};
		2B9842CD1B3C0A7A0080D5BF /* Build configuration list for PBXNativeTarget "Test" */ = {
			isa = XCConfigurationList;
			buildConfigurations = (
				2B9842CE1B3C0A7A0080D5BF /* Debug */,
				2B9842CF1B3C0A7A0080D5BF /* Release */,
			);
			defaultConfigurationIsVisible = 0;
		};
/* End XCConfigurationList section */
	};
	rootObject = 2B9842BC1B3C0A700080D5BF /* Project object */;
}
