// !$*UTF8*$!
{
	archiveVersion = 1;
	classes = {
	};
	objectVersion = 46;
	objects = {

/* Begin PBXBuildFile section */
		2B3820CF1D673D10003A44AC /* Demo1InputViewController.m in Sources */ = {isa = PBXBuildFile; fileRef = 2B3820CE1D673D10003A44AC /* Demo1InputViewController.m */; };
		2B3820D21D674094003A44AC /* Demo1ModalViewController.m in Sources */ = {isa = PBXBuildFile; fileRef = 2B3820D11D674094003A44AC /* Demo1ModalViewController.m */; };
		2BC33B2B1D351F9300F3CB57 /* main.m in Sources */ = {isa = PBXBuildFile; fileRef = 2BC33B2A1D351F9300F3CB57 /* main.m */; };
		2BC33B2E1D351F9300F3CB57 /* AppDelegate.m in Sources */ = {isa = PBXBuildFile; fileRef = 2BC33B2D1D351F9300F3CB57 /* AppDelegate.m */; };
		2BC33B361D351F9300F3CB57 /* Assets.xcassets in Resources */ = {isa = PBXBuildFile; fileRef = 2BC33B351D351F9300F3CB57 /* Assets.xcassets */; };
		2BC33B391D351F9300F3CB57 /* LaunchScreen.storyboard in Resources */ = {isa = PBXBuildFile; fileRef = 2BC33B371D351F9300F3CB57 /* LaunchScreen.storyboard */; };
		2BC33B411D351FE400F3CB57 /* UINavigationController+Addition.m in Sources */ = {isa = PBXBuildFile; fileRef = 2BC33B401D351FE400F3CB57 /* UINavigationController+Addition.m */; };
		2BC33B441D3539A800F3CB57 /* RootViewController.m in Sources */ = {isa = PBXBuildFile; fileRef = 2BC33B431D3539A800F3CB57 /* RootViewController.m */; };
		2BC33B481D353A0C00F3CB57 /* Demo1ViewController.m in Sources */ = {isa = PBXBuildFile; fileRef = 2BC33B471D353A0C00F3CB57 /* Demo1ViewController.m */; };
/* End PBXBuildFile section */

/* Begin PBXFileReference section */
		2B3820CD1D673D10003A44AC /* Demo1InputViewController.h */ = {isa = PBXFileReference; fileEncoding = 4; lastKnownFileType = sourcecode.c.h; path = Demo1InputViewController.h; sourceTree = "<group>"; };
		2B3820CE1D673D10003A44AC /* Demo1InputViewController.m */ = {isa = PBXFileReference; fileEncoding = 4; lastKnownFileType = sourcecode.c.objc; path = Demo1InputViewController.m; sourceTree = "<group>"; };
		2B3820D01D674094003A44AC /* Demo1ModalViewController.h */ = {isa = PBXFileReference; fileEncoding = 4; lastKnownFileType = sourcecode.c.h; path = Demo1ModalViewController.h; sourceTree = "<group>"; };
		2B3820D11D674094003A44AC /* Demo1ModalViewController.m */ = {isa = PBXFileReference; fileEncoding = 4; lastKnownFileType = sourcecode.c.objc; path = Demo1ModalViewController.m; sourceTree = "<group>"; };
		2BC33B261D351F9300F3CB57 /* AppTest.app */ = {isa = PBXFileReference; explicitFileType = wrapper.application; includeInIndex = 0; path = AppTest.app; sourceTree = BUILT_PRODUCTS_DIR; };
		2BC33B2A1D351F9300F3CB57 /* main.m */ = {isa = PBXFileReference; lastKnownFileType = sourcecode.c.objc; path = main.m; sourceTree = "<group>"; };
		2BC33B2C1D351F9300F3CB57 /* AppDelegate.h */ = {isa = PBXFileReference; lastKnownFileType = sourcecode.c.h; path = AppDelegate.h; sourceTree = "<group>"; };
		2BC33B2D1D351F9300F3CB57 /* AppDelegate.m */ = {isa = PBXFileReference; lastKnownFileType = sourcecode.c.objc; path = AppDelegate.m; sourceTree = "<group>"; };
		2BC33B351D351F9300F3CB57 /* Assets.xcassets */ = {isa = PBXFileReference; lastKnownFileType = folder.assetcatalog; path = Assets.xcassets; sourceTree = "<group>"; };
		2BC33B381D351F9300F3CB57 /* Base */ = {isa = PBXFileReference; lastKnownFileType = file.storyboard; name = Base; path = Base.lproj/LaunchScreen.storyboard; sourceTree = "<group>"; };
		2BC33B3A1D351F9300F3CB57 /* Info.plist */ = {isa = PBXFileReference; lastKnownFileType = text.plist.xml; path = Info.plist; sourceTree = "<group>"; };
		2BC33B3F1D351FE400F3CB57 /* UINavigationController+Addition.h */ = {isa = PBXFileReference; fileEncoding = 4; lastKnownFileType = sourcecode.c.h; path = "UINavigationController+Addition.h"; sourceTree = "<group>"; };
		2BC33B401D351FE400F3CB57 /* UINavigationController+Addition.m */ = {isa = PBXFileReference; fileEncoding = 4; lastKnownFileType = sourcecode.c.objc; path = "UINavigationController+Addition.m"; sourceTree = "<group>"; };
		2BC33B421D3539A800F3CB57 /* RootViewController.h */ = {isa = PBXFileReference; fileEncoding = 4; lastKnownFileType = sourcecode.c.h; path = RootViewController.h; sourceTree = "<group>"; };
		2BC33B431D3539A800F3CB57 /* RootViewController.m */ = {isa = PBXFileReference; fileEncoding = 4; lastKnownFileType = sourcecode.c.objc; path = RootViewController.m; sourceTree = "<group>"; };
		2BC33B461D353A0C00F3CB57 /* Demo1ViewController.h */ = {isa = PBXFileReference; fileEncoding = 4; lastKnownFileType = sourcecode.c.h; path = Demo1ViewController.h; sourceTree = "<group>"; };
		2BC33B471D353A0C00F3CB57 /* Demo1ViewController.m */ = {isa = PBXFileReference; fileEncoding = 4; lastKnownFileType = sourcecode.c.objc; path = Demo1ViewController.m; sourceTree = "<group>"; };
/* End PBXFileReference section */

/* Begin PBXFrameworksBuildPhase section */
		2BC33B231D351F9300F3CB57 /* Frameworks */ = {
			isa = PBXFrameworksBuildPhase;
			buildActionMask = 2147483647;
			files = (
			);
			runOnlyForDeploymentPostprocessing = 0;
		};
/* End PBXFrameworksBuildPhase section */

/* Begin PBXGroup section */
		2BC33B1B1D351F8700F3CB57 = {
			isa = PBXGroup;
			children = (
				2BC33B3E1D351FB300F3CB57 /* UINavigationController+Addition */,
				2BC33B281D351F9300F3CB57 /* AppTest */,
				2BC33B271D351F9300F3CB57 /* Products */,
			);
			sourceTree = "<group>";
		};
		2BC33B271D351F9300F3CB57 /* Products */ = {
			isa = PBXGroup;
			children = (
				2BC33B261D351F9300F3CB57 /* AppTest.app */,
			);
			name = Products;
			sourceTree = "<group>";
		};
		2BC33B281D351F9300F3CB57 /* AppTest */ = {
			isa = PBXGroup;
			children = (
				2BC33B2C1D351F9300F3CB57 /* AppDelegate.h */,
				2BC33B2D1D351F9300F3CB57 /* AppDelegate.m */,
				2BC33B421D3539A800F3CB57 /* RootViewController.h */,
				2BC33B431D3539A800F3CB57 /* RootViewController.m */,
				2BC33B351D351F9300F3CB57 /* Assets.xcassets */,
				2BC33B371D351F9300F3CB57 /* LaunchScreen.storyboard */,
				2BC33B3A1D351F9300F3CB57 /* Info.plist */,
				2BC33B451D353A0C00F3CB57 /* AppTestDemos */,
				2BC33B291D351F9300F3CB57 /* Supporting Files */,
			);
			path = AppTest;
			sourceTree = "<group>";
		};
		2BC33B291D351F9300F3CB57 /* Supporting Files */ = {
			isa = PBXGroup;
			children = (
				2BC33B2A1D351F9300F3CB57 /* main.m */,
			);
			name = "Supporting Files";
			sourceTree = "<group>";
		};
		2BC33B3E1D351FB300F3CB57 /* UINavigationController+Addition */ = {
			isa = PBXGroup;
			children = (
				2BC33B3F1D351FE400F3CB57 /* UINavigationController+Addition.h */,
				2BC33B401D351FE400F3CB57 /* UINavigationController+Addition.m */,
			);
			path = "UINavigationController+Addition";
			sourceTree = "<group>";
		};
		2BC33B451D353A0C00F3CB57 /* AppTestDemos */ = {
			isa = PBXGroup;
			children = (
				2BC33B461D353A0C00F3CB57 /* Demo1ViewController.h */,
				2BC33B471D353A0C00F3CB57 /* Demo1ViewController.m */,
				2B3820CD1D673D10003A44AC /* Demo1InputViewController.h */,
				2B3820CE1D673D10003A44AC /* Demo1InputViewController.m */,
				2B3820D01D674094003A44AC /* Demo1ModalViewController.h */,
				2B3820D11D674094003A44AC /* Demo1ModalViewController.m */,
			);
			path = AppTestDemos;
			sourceTree = "<group>";
		};
/* End PBXGroup section */

/* Begin PBXNativeTarget section */
		2BC33B251D351F9300F3CB57 /* AppTest */ = {
			isa = PBXNativeTarget;
			buildConfigurationList = 2BC33B3B1D351F9300F3CB57 /* Build configuration list for PBXNativeTarget "AppTest" */;
			buildPhases = (
				2BC33B221D351F9300F3CB57 /* Sources */,
				2BC33B231D351F9300F3CB57 /* Frameworks */,
				2BC33B241D351F9300F3CB57 /* Resources */,
			);
			buildRules = (
			);
			dependencies = (
			);
			name = AppTest;
			productName = AppTest;
			productReference = 2BC33B261D351F9300F3CB57 /* AppTest.app */;
			productType = "com.apple.product-type.application";
		};
/* End PBXNativeTarget section */

/* Begin PBXProject section */
		2BC33B1C1D351F8700F3CB57 /* Project object */ = {
			isa = PBXProject;
			attributes = {
				LastUpgradeCheck = 0730;
				TargetAttributes = {
					2BC33B251D351F9300F3CB57 = {
						CreatedOnToolsVersion = 7.3.1;
					};
				};
			};
			buildConfigurationList = 2BC33B1F1D351F8700F3CB57 /* Build configuration list for PBXProject "UINavigationController+Addition" */;
			compatibilityVersion = "Xcode 3.2";
			developmentRegion = English;
			hasScannedForEncodings = 0;
			knownRegions = (
				en,
				Base,
			);
			mainGroup = 2BC33B1B1D351F8700F3CB57;
			productRefGroup = 2BC33B271D351F9300F3CB57 /* Products */;
			projectDirPath = "";
			projectRoot = "";
			targets = (
				2BC33B251D351F9300F3CB57 /* AppTest */,
			);
		};
/* End PBXProject section */

/* Begin PBXResourcesBuildPhase section */
		2BC33B241D351F9300F3CB57 /* Resources */ = {
			isa = PBXResourcesBuildPhase;
			buildActionMask = 2147483647;
			files = (
				2BC33B391D351F9300F3CB57 /* LaunchScreen.storyboard in Resources */,
				2BC33B361D351F9300F3CB57 /* Assets.xcassets in Resources */,
			);
			runOnlyForDeploymentPostprocessing = 0;
		};
/* End PBXResourcesBuildPhase section */

/* Begin PBXSourcesBuildPhase section */
		2BC33B221D351F9300F3CB57 /* Sources */ = {
			isa = PBXSourcesBuildPhase;
			buildActionMask = 2147483647;
			files = (
				2BC33B2E1D351F9300F3CB57 /* AppDelegate.m in Sources */,
				2B3820D21D674094003A44AC /* Demo1ModalViewController.m in Sources */,
				2BC33B2B1D351F9300F3CB57 /* main.m in Sources */,
				2B3820CF1D673D10003A44AC /* Demo1InputViewController.m in Sources */,
				2BC33B481D353A0C00F3CB57 /* Demo1ViewController.m in Sources */,
				2BC33B411D351FE400F3CB57 /* UINavigationController+Addition.m in Sources */,
				2BC33B441D3539A800F3CB57 /* RootViewController.m in Sources */,
			);
			runOnlyForDeploymentPostprocessing = 0;
		};
/* End PBXSourcesBuildPhase section */

/* Begin PBXVariantGroup section */
		2BC33B371D351F9300F3CB57 /* LaunchScreen.storyboard */ = {
			isa = PBXVariantGroup;
			children = (
				2BC33B381D351F9300F3CB57 /* Base */,
			);
			name = LaunchScreen.storyboard;
			sourceTree = "<group>";
		};
/* End PBXVariantGroup section */

/* Begin XCBuildConfiguration section */
		2BC33B201D351F8700F3CB57 /* Debug */ = {
			isa = XCBuildConfiguration;
			buildSettings = {
			};
			name = Debug;
		};
		2BC33B211D351F8700F3CB57 /* Release */ = {
			isa = XCBuildConfiguration;
			buildSettings = {
			};
			name = Release;
		};
		2BC33B3C1D351F9300F3CB57 /* Debug */ = {
			isa = XCBuildConfiguration;
			buildSettings = {
				ALWAYS_SEARCH_USER_PATHS = NO;
				ASSETCATALOG_COMPILER_APPICON_NAME = AppIcon;
				CLANG_ANALYZER_NONNULL = YES;
				CLANG_CXX_LANGUAGE_STANDARD = "gnu++0x";
				CLANG_CXX_LIBRARY = "libc++";
				CLANG_ENABLE_MODULES = YES;
				CLANG_ENABLE_OBJC_ARC = YES;
				CLANG_WARN_BOOL_CONVERSION = YES;
				CLANG_WARN_CONSTANT_CONVERSION = YES;
				CLANG_WARN_DIRECT_OBJC_ISA_USAGE = YES_ERROR;
				CLANG_WARN_EMPTY_BODY = YES;
				CLANG_WARN_ENUM_CONVERSION = YES;
				CLANG_WARN_INT_CONVERSION = YES;
				CLANG_WARN_OBJC_ROOT_CLASS = YES_ERROR;
				CLANG_WARN_UNREACHABLE_CODE = YES;
				CLANG_WARN__DUPLICATE_METHOD_MATCH = YES;
				"CODE_SIGN_IDENTITY[sdk=iphoneos*]" = "iPhone Developer";
				COPY_PHASE_STRIP = NO;
				DEBUG_INFORMATION_FORMAT = dwarf;
				ENABLE_STRICT_OBJC_MSGSEND = YES;
				ENABLE_TESTABILITY = YES;
				GCC_C_LANGUAGE_STANDARD = gnu99;
				GCC_DYNAMIC_NO_PIC = NO;
				GCC_NO_COMMON_BLOCKS = YES;
				GCC_OPTIMIZATION_LEVEL = 0;
				GCC_PREPROCESSOR_DEFINITIONS = (
					"DEBUG=1",
					"$(inherited)",
				);
				GCC_WARN_64_TO_32_BIT_CONVERSION = YES;
				GCC_WARN_ABOUT_RETURN_TYPE = YES_ERROR;
				GCC_WARN_UNDECLARED_SELECTOR = YES;
				GCC_WARN_UNINITIALIZED_AUTOS = YES_AGGRESSIVE;
				GCC_WARN_UNUSED_FUNCTION = YES;
				GCC_WARN_UNUSED_VARIABLE = YES;
				INFOPLIST_FILE = AppTest/Info.plist;
				IPHONEOS_DEPLOYMENT_TARGET = 9.3;
				LD_RUNPATH_SEARCH_PATHS = "$(inherited) @executable_path/Frameworks";
				MTL_ENABLE_DEBUG_INFO = YES;
				ONLY_ACTIVE_ARCH = YES;
				PRODUCT_BUNDLE_IDENTIFIER = com.wc.AppTest;
				PRODUCT_NAME = "$(TARGET_NAME)";
				SDKROOT = iphoneos;
			};
			name = Debug;
		};
		2BC33B3D1D351F9300F3CB57 /* Release */ = {
			isa = XCBuildConfiguration;
			buildSettings = {
				ALWAYS_SEARCH_USER_PATHS = NO;
				ASSETCATALOG_COMPILER_APPICON_NAME = AppIcon;
				CLANG_ANALYZER_NONNULL = YES;
				CLANG_CXX_LANGUAGE_STANDARD = "gnu++0x";
				CLANG_CXX_LIBRARY = "libc++";
				CLANG_ENABLE_MODULES = YES;
				CLANG_ENABLE_OBJC_ARC = YES;
				CLANG_WARN_BOOL_CONVERSION = YES;
				CLANG_WARN_CONSTANT_CONVERSION = YES;
				CLANG_WARN_DIRECT_OBJC_ISA_USAGE = YES_ERROR;
				CLANG_WARN_EMPTY_BODY = YES;
				CLANG_WARN_ENUM_CONVERSION = YES;
				CLANG_WARN_INT_CONVERSION = YES;
				CLANG_WARN_OBJC_ROOT_CLASS = YES_ERROR;
				CLANG_WARN_UNREACHABLE_CODE = YES;
				CLANG_WARN__DUPLICATE_METHOD_MATCH = YES;
				"CODE_SIGN_IDENTITY[sdk=iphoneos*]" = "iPhone Developer";
				COPY_PHASE_STRIP = NO;
				DEBUG_INFORMATION_FORMAT = "dwarf-with-dsym";
				ENABLE_NS_ASSERTIONS = NO;
				ENABLE_STRICT_OBJC_MSGSEND = YES;
				GCC_C_LANGUAGE_STANDARD = gnu99;
				GCC_NO_COMMON_BLOCKS = YES;
				GCC_WARN_64_TO_32_BIT_CONVERSION = YES;
				GCC_WARN_ABOUT_RETURN_TYPE = YES_ERROR;
				GCC_WARN_UNDECLARED_SELECTOR = YES;
				GCC_WARN_UNINITIALIZED_AUTOS = YES_AGGRESSIVE;
				GCC_WARN_UNUSED_FUNCTION = YES;
				GCC_WARN_UNUSED_VARIABLE = YES;
				INFOPLIST_FILE = AppTest/Info.plist;
				IPHONEOS_DEPLOYMENT_TARGET = 9.3;
				LD_RUNPATH_SEARCH_PATHS = "$(inherited) @executable_path/Frameworks";
				MTL_ENABLE_DEBUG_INFO = NO;
				PRODUCT_BUNDLE_IDENTIFIER = com.wc.AppTest;
				PRODUCT_NAME = "$(TARGET_NAME)";
				SDKROOT = iphoneos;
				VALIDATE_PRODUCT = YES;
			};
			name = Release;
		};
/* End XCBuildConfiguration section */

/* Begin XCConfigurationList section */
		2BC33B1F1D351F8700F3CB57 /* Build configuration list for PBXProject "UINavigationController+Addition" */ = {
			isa = XCConfigurationList;
			buildConfigurations = (
				2BC33B201D351F8700F3CB57 /* Debug */,
				2BC33B211D351F8700F3CB57 /* Release */,
			);
			defaultConfigurationIsVisible = 0;
			defaultConfigurationName = Release;
		};
		2BC33B3B1D351F9300F3CB57 /* Build configuration list for PBXNativeTarget "AppTest" */ = {
			isa = XCConfigurationList;
			buildConfigurations = (
				2BC33B3C1D351F9300F3CB57 /* Debug */,
				2BC33B3D1D351F9300F3CB57 /* Release */,
			);
			defaultConfigurationIsVisible = 0;
			defaultConfigurationName = Release;
		};
/* End XCConfigurationList section */
	};
	rootObject = 2BC33B1C1D351F8700F3CB57 /* Project object */;
}
