// !$*UTF8*$!
{
	archiveVersion = 1;
	classes = {
	};
	objectVersion = 48;
	objects = {

/* Begin PBXBuildFile section */
		4F5F6B84209C07AA00A35A12 /* WCImageViewTool.m in Sources */ = {isa = PBXBuildFile; fileRef = 4F5F6B83209C07AA00A35A12 /* WCImageViewTool.m */; };
		4F5F6B87209C362300A35A12 /* MaskImageViewViewController.m in Sources */ = {isa = PBXBuildFile; fileRef = 4F5F6B86209C362300A35A12 /* MaskImageViewViewController.m */; };
		4F5F6B8B209C39B200A35A12 /* coupon.png in Resources */ = {isa = PBXBuildFile; fileRef = 4F5F6B88209C39B200A35A12 /* coupon.png */; };
		4F5F6B8C209C39B200A35A12 /* mask@2x.png in Resources */ = {isa = PBXBuildFile; fileRef = 4F5F6B89209C39B200A35A12 /* mask@2x.png */; };
		4F5F6B8D209C39B200A35A12 /* mask@3x.png in Resources */ = {isa = PBXBuildFile; fileRef = 4F5F6B8A209C39B200A35A12 /* mask@3x.png */; };
		4F86CF6F206CBAA10080A9E1 /* AppDelegate.m in Sources */ = {isa = PBXBuildFile; fileRef = 4F86CF6E206CBAA10080A9E1 /* AppDelegate.m */; };
		4F86CF77206CBAA10080A9E1 /* Assets.xcassets in Resources */ = {isa = PBXBuildFile; fileRef = 4F86CF76206CBAA10080A9E1 /* Assets.xcassets */; };
		4F86CF7A206CBAA10080A9E1 /* LaunchScreen.storyboard in Resources */ = {isa = PBXBuildFile; fileRef = 4F86CF78206CBAA10080A9E1 /* LaunchScreen.storyboard */; };
		4F86CF7D206CBAA10080A9E1 /* main.m in Sources */ = {isa = PBXBuildFile; fileRef = 4F86CF7C206CBAA10080A9E1 /* main.m */; };
		4F86CF8B206CBB1B0080A9E1 /* RootViewController.m in Sources */ = {isa = PBXBuildFile; fileRef = 4F86CF89206CBB1A0080A9E1 /* RootViewController.m */; };
		4F86CF8E206CBB630080A9E1 /* AddShadowBorderToImageViewController.m in Sources */ = {isa = PBXBuildFile; fileRef = 4F86CF8C206CBB630080A9E1 /* AddShadowBorderToImageViewController.m */; };
		4F86CF94206CBBC20080A9E1 /* aliwx_card_bubble_right_bg@2x.png in Resources */ = {isa = PBXBuildFile; fileRef = 4F86CF90206CBBC20080A9E1 /* aliwx_card_bubble_right_bg@2x.png */; };
		4F86CF95206CBBC20080A9E1 /* aliwx_card_bubble_right_bg@3x.png in Resources */ = {isa = PBXBuildFile; fileRef = 4F86CF91206CBBC20080A9E1 /* aliwx_card_bubble_right_bg@3x.png */; };
		4F86CF96206CBBC20080A9E1 /* aliwx_card_bubble_left_bg@3x.png in Resources */ = {isa = PBXBuildFile; fileRef = 4F86CF92206CBBC20080A9E1 /* aliwx_card_bubble_left_bg@3x.png */; };
		4F86CF97206CBBC20080A9E1 /* aliwx_card_bubble_left_bg@2x.png in Resources */ = {isa = PBXBuildFile; fileRef = 4F86CF93206CBBC20080A9E1 /* aliwx_card_bubble_left_bg@2x.png */; };
/* End PBXBuildFile section */

/* Begin PBXFileReference section */
		4F5F6B82209C07AA00A35A12 /* WCImageViewTool.h */ = {isa = PBXFileReference; lastKnownFileType = sourcecode.c.h; path = WCImageViewTool.h; sourceTree = "<group>"; };
		4F5F6B83209C07AA00A35A12 /* WCImageViewTool.m */ = {isa = PBXFileReference; lastKnownFileType = sourcecode.c.objc; path = WCImageViewTool.m; sourceTree = "<group>"; };
		4F5F6B85209C362300A35A12 /* MaskImageViewViewController.h */ = {isa = PBXFileReference; lastKnownFileType = sourcecode.c.h; path = MaskImageViewViewController.h; sourceTree = "<group>"; };
		4F5F6B86209C362300A35A12 /* MaskImageViewViewController.m */ = {isa = PBXFileReference; lastKnownFileType = sourcecode.c.objc; path = MaskImageViewViewController.m; sourceTree = "<group>"; };
		4F5F6B88209C39B200A35A12 /* coupon.png */ = {isa = PBXFileReference; lastKnownFileType = image.png; path = coupon.png; sourceTree = "<group>"; };
		4F5F6B89209C39B200A35A12 /* mask@2x.png */ = {isa = PBXFileReference; lastKnownFileType = image.png; path = "mask@2x.png"; sourceTree = "<group>"; };
		4F5F6B8A209C39B200A35A12 /* mask@3x.png */ = {isa = PBXFileReference; lastKnownFileType = image.png; path = "mask@3x.png"; sourceTree = "<group>"; };
		4F86CF6A206CBAA10080A9E1 /* AppTest.app */ = {isa = PBXFileReference; explicitFileType = wrapper.application; includeInIndex = 0; path = AppTest.app; sourceTree = BUILT_PRODUCTS_DIR; };
		4F86CF6D206CBAA10080A9E1 /* AppDelegate.h */ = {isa = PBXFileReference; lastKnownFileType = sourcecode.c.h; path = AppDelegate.h; sourceTree = "<group>"; };
		4F86CF6E206CBAA10080A9E1 /* AppDelegate.m */ = {isa = PBXFileReference; lastKnownFileType = sourcecode.c.objc; path = AppDelegate.m; sourceTree = "<group>"; };
		4F86CF76206CBAA10080A9E1 /* Assets.xcassets */ = {isa = PBXFileReference; lastKnownFileType = folder.assetcatalog; path = Assets.xcassets; sourceTree = "<group>"; };
		4F86CF79206CBAA10080A9E1 /* Base */ = {isa = PBXFileReference; lastKnownFileType = file.storyboard; name = Base; path = Base.lproj/LaunchScreen.storyboard; sourceTree = "<group>"; };
		4F86CF7B206CBAA10080A9E1 /* Info.plist */ = {isa = PBXFileReference; lastKnownFileType = text.plist.xml; path = Info.plist; sourceTree = "<group>"; };
		4F86CF7C206CBAA10080A9E1 /* main.m */ = {isa = PBXFileReference; lastKnownFileType = sourcecode.c.objc; path = main.m; sourceTree = "<group>"; };
		4F86CF89206CBB1A0080A9E1 /* RootViewController.m */ = {isa = PBXFileReference; fileEncoding = 4; lastKnownFileType = sourcecode.c.objc; path = RootViewController.m; sourceTree = "<group>"; };
		4F86CF8A206CBB1B0080A9E1 /* RootViewController.h */ = {isa = PBXFileReference; fileEncoding = 4; lastKnownFileType = sourcecode.c.h; path = RootViewController.h; sourceTree = "<group>"; };
		4F86CF8C206CBB630080A9E1 /* AddShadowBorderToImageViewController.m */ = {isa = PBXFileReference; fileEncoding = 4; lastKnownFileType = sourcecode.c.objc; path = AddShadowBorderToImageViewController.m; sourceTree = "<group>"; };
		4F86CF8D206CBB630080A9E1 /* AddShadowBorderToImageViewController.h */ = {isa = PBXFileReference; fileEncoding = 4; lastKnownFileType = sourcecode.c.h; path = AddShadowBorderToImageViewController.h; sourceTree = "<group>"; };
		4F86CF90206CBBC20080A9E1 /* aliwx_card_bubble_right_bg@2x.png */ = {isa = PBXFileReference; lastKnownFileType = image.png; path = "aliwx_card_bubble_right_bg@2x.png"; sourceTree = "<group>"; };
		4F86CF91206CBBC20080A9E1 /* aliwx_card_bubble_right_bg@3x.png */ = {isa = PBXFileReference; lastKnownFileType = image.png; path = "aliwx_card_bubble_right_bg@3x.png"; sourceTree = "<group>"; };
		4F86CF92206CBBC20080A9E1 /* aliwx_card_bubble_left_bg@3x.png */ = {isa = PBXFileReference; lastKnownFileType = image.png; path = "aliwx_card_bubble_left_bg@3x.png"; sourceTree = "<group>"; };
		4F86CF93206CBBC20080A9E1 /* aliwx_card_bubble_left_bg@2x.png */ = {isa = PBXFileReference; lastKnownFileType = image.png; path = "aliwx_card_bubble_left_bg@2x.png"; sourceTree = "<group>"; };
/* End PBXFileReference section */

/* Begin PBXFrameworksBuildPhase section */
		4F86CF67206CBAA10080A9E1 /* Frameworks */ = {
			isa = PBXFrameworksBuildPhase;
			buildActionMask = 2147483647;
			files = (
			);
			runOnlyForDeploymentPostprocessing = 0;
		};
/* End PBXFrameworksBuildPhase section */

/* Begin PBXGroup section */
		4F86CF5F206CBA7B0080A9E1 = {
			isa = PBXGroup;
			children = (
				4F86CF81206CBAC20080A9E1 /* UIImageView+Addition */,
				4F86CF6C206CBAA10080A9E1 /* AppTest */,
				4F86CF6B206CBAA10080A9E1 /* Products */,
			);
			sourceTree = "<group>";
		};
		4F86CF6B206CBAA10080A9E1 /* Products */ = {
			isa = PBXGroup;
			children = (
				4F86CF6A206CBAA10080A9E1 /* AppTest.app */,
			);
			name = Products;
			sourceTree = "<group>";
		};
		4F86CF6C206CBAA10080A9E1 /* AppTest */ = {
			isa = PBXGroup;
			children = (
				4F86CF85206CBB100080A9E1 /* AppTestDemos */,
				4F86CF6D206CBAA10080A9E1 /* AppDelegate.h */,
				4F86CF6E206CBAA10080A9E1 /* AppDelegate.m */,
				4F86CF8A206CBB1B0080A9E1 /* RootViewController.h */,
				4F86CF89206CBB1A0080A9E1 /* RootViewController.m */,
				4F86CF76206CBAA10080A9E1 /* Assets.xcassets */,
				4F86CF8F206CBBC20080A9E1 /* Resources */,
				4F86CF78206CBAA10080A9E1 /* LaunchScreen.storyboard */,
				4F86CF7B206CBAA10080A9E1 /* Info.plist */,
				4F86CF7C206CBAA10080A9E1 /* main.m */,
			);
			path = AppTest;
			sourceTree = "<group>";
		};
		4F86CF81206CBAC20080A9E1 /* UIImageView+Addition */ = {
			isa = PBXGroup;
			children = (
				4F5F6B82209C07AA00A35A12 /* WCImageViewTool.h */,
				4F5F6B83209C07AA00A35A12 /* WCImageViewTool.m */,
			);
			path = "UIImageView+Addition";
			sourceTree = "<group>";
		};
		4F86CF85206CBB100080A9E1 /* AppTestDemos */ = {
			isa = PBXGroup;
			children = (
				4F86CF8D206CBB630080A9E1 /* AddShadowBorderToImageViewController.h */,
				4F86CF8C206CBB630080A9E1 /* AddShadowBorderToImageViewController.m */,
				4F5F6B85209C362300A35A12 /* MaskImageViewViewController.h */,
				4F5F6B86209C362300A35A12 /* MaskImageViewViewController.m */,
			);
			path = AppTestDemos;
			sourceTree = "<group>";
		};
		4F86CF8F206CBBC20080A9E1 /* Resources */ = {
			isa = PBXGroup;
			children = (
				4F5F6B88209C39B200A35A12 /* coupon.png */,
				4F5F6B89209C39B200A35A12 /* mask@2x.png */,
				4F5F6B8A209C39B200A35A12 /* mask@3x.png */,
				4F86CF90206CBBC20080A9E1 /* aliwx_card_bubble_right_bg@2x.png */,
				4F86CF91206CBBC20080A9E1 /* aliwx_card_bubble_right_bg@3x.png */,
				4F86CF92206CBBC20080A9E1 /* aliwx_card_bubble_left_bg@3x.png */,
				4F86CF93206CBBC20080A9E1 /* aliwx_card_bubble_left_bg@2x.png */,
			);
			path = Resources;
			sourceTree = "<group>";
		};
/* End PBXGroup section */

/* Begin PBXNativeTarget section */
		4F86CF69206CBAA10080A9E1 /* AppTest */ = {
			isa = PBXNativeTarget;
			buildConfigurationList = 4F86CF7E206CBAA10080A9E1 /* Build configuration list for PBXNativeTarget "AppTest" */;
			buildPhases = (
				4F86CF66206CBAA10080A9E1 /* Sources */,
				4F86CF67206CBAA10080A9E1 /* Frameworks */,
				4F86CF68206CBAA10080A9E1 /* Resources */,
			);
			buildRules = (
			);
			dependencies = (
			);
			name = AppTest;
			productName = AppTest;
			productReference = 4F86CF6A206CBAA10080A9E1 /* AppTest.app */;
			productType = "com.apple.product-type.application";
		};
/* End PBXNativeTarget section */

/* Begin PBXProject section */
		4F86CF60206CBA7B0080A9E1 /* Project object */ = {
			isa = PBXProject;
			attributes = {
				LastUpgradeCheck = 0920;
				TargetAttributes = {
					4F86CF69206CBAA10080A9E1 = {
						CreatedOnToolsVersion = 9.2;
						ProvisioningStyle = Automatic;
					};
				};
			};
			buildConfigurationList = 4F86CF63206CBA7B0080A9E1 /* Build configuration list for PBXProject "UIImageView+Addition" */;
			compatibilityVersion = "Xcode 8.0";
			developmentRegion = en;
			hasScannedForEncodings = 0;
			knownRegions = (
				en,
				Base,
			);
			mainGroup = 4F86CF5F206CBA7B0080A9E1;
			productRefGroup = 4F86CF6B206CBAA10080A9E1 /* Products */;
			projectDirPath = "";
			projectRoot = "";
			targets = (
				4F86CF69206CBAA10080A9E1 /* AppTest */,
			);
		};
/* End PBXProject section */

/* Begin PBXResourcesBuildPhase section */
		4F86CF68206CBAA10080A9E1 /* Resources */ = {
			isa = PBXResourcesBuildPhase;
			buildActionMask = 2147483647;
			files = (
				4F86CF96206CBBC20080A9E1 /* aliwx_card_bubble_left_bg@3x.png in Resources */,
				4F86CF94206CBBC20080A9E1 /* aliwx_card_bubble_right_bg@2x.png in Resources */,
				4F86CF7A206CBAA10080A9E1 /* LaunchScreen.storyboard in Resources */,
				4F5F6B8D209C39B200A35A12 /* mask@3x.png in Resources */,
				4F86CF77206CBAA10080A9E1 /* Assets.xcassets in Resources */,
				4F5F6B8C209C39B200A35A12 /* mask@2x.png in Resources */,
				4F86CF97206CBBC20080A9E1 /* aliwx_card_bubble_left_bg@2x.png in Resources */,
				4F86CF95206CBBC20080A9E1 /* aliwx_card_bubble_right_bg@3x.png in Resources */,
				4F5F6B8B209C39B200A35A12 /* coupon.png in Resources */,
			);
			runOnlyForDeploymentPostprocessing = 0;
		};
/* End PBXResourcesBuildPhase section */

/* Begin PBXSourcesBuildPhase section */
		4F86CF66206CBAA10080A9E1 /* Sources */ = {
			isa = PBXSourcesBuildPhase;
			buildActionMask = 2147483647;
			files = (
				4F5F6B87209C362300A35A12 /* MaskImageViewViewController.m in Sources */,
				4F5F6B84209C07AA00A35A12 /* WCImageViewTool.m in Sources */,
				4F86CF8B206CBB1B0080A9E1 /* RootViewController.m in Sources */,
				4F86CF8E206CBB630080A9E1 /* AddShadowBorderToImageViewController.m in Sources */,
				4F86CF7D206CBAA10080A9E1 /* main.m in Sources */,
				4F86CF6F206CBAA10080A9E1 /* AppDelegate.m in Sources */,
			);
			runOnlyForDeploymentPostprocessing = 0;
		};
/* End PBXSourcesBuildPhase section */

/* Begin PBXVariantGroup section */
		4F86CF78206CBAA10080A9E1 /* LaunchScreen.storyboard */ = {
			isa = PBXVariantGroup;
			children = (
				4F86CF79206CBAA10080A9E1 /* Base */,
			);
			name = LaunchScreen.storyboard;
			sourceTree = "<group>";
		};
/* End PBXVariantGroup section */

/* Begin XCBuildConfiguration section */
		4F86CF64206CBA7B0080A9E1 /* Debug */ = {
			isa = XCBuildConfiguration;
			buildSettings = {
				IPHONEOS_DEPLOYMENT_TARGET = 9.0;
			};
			name = Debug;
		};
		4F86CF65206CBA7B0080A9E1 /* Release */ = {
			isa = XCBuildConfiguration;
			buildSettings = {
				IPHONEOS_DEPLOYMENT_TARGET = 9.0;
			};
			name = Release;
		};
		4F86CF7F206CBAA10080A9E1 /* Debug */ = {
			isa = XCBuildConfiguration;
			buildSettings = {
				ALWAYS_SEARCH_USER_PATHS = NO;
				ASSETCATALOG_COMPILER_APPICON_NAME = AppIcon;
				CLANG_ANALYZER_NONNULL = YES;
				CLANG_ANALYZER_NUMBER_OBJECT_CONVERSION = YES_AGGRESSIVE;
				CLANG_CXX_LANGUAGE_STANDARD = "gnu++14";
				CLANG_CXX_LIBRARY = "libc++";
				CLANG_ENABLE_MODULES = YES;
				CLANG_ENABLE_OBJC_ARC = YES;
				CLANG_WARN_BLOCK_CAPTURE_AUTORELEASING = YES;
				CLANG_WARN_BOOL_CONVERSION = YES;
				CLANG_WARN_COMMA = YES;
				CLANG_WARN_CONSTANT_CONVERSION = YES;
				CLANG_WARN_DIRECT_OBJC_ISA_USAGE = YES_ERROR;
				CLANG_WARN_DOCUMENTATION_COMMENTS = YES;
				CLANG_WARN_EMPTY_BODY = YES;
				CLANG_WARN_ENUM_CONVERSION = YES;
				CLANG_WARN_INFINITE_RECURSION = YES;
				CLANG_WARN_INT_CONVERSION = YES;
				CLANG_WARN_NON_LITERAL_NULL_CONVERSION = YES;
				CLANG_WARN_OBJC_LITERAL_CONVERSION = YES;
				CLANG_WARN_OBJC_ROOT_CLASS = YES_ERROR;
				CLANG_WARN_RANGE_LOOP_ANALYSIS = YES;
				CLANG_WARN_STRICT_PROTOTYPES = YES;
				CLANG_WARN_SUSPICIOUS_MOVE = YES;
				CLANG_WARN_UNGUARDED_AVAILABILITY = YES_AGGRESSIVE;
				CLANG_WARN_UNREACHABLE_CODE = YES;
				CLANG_WARN__DUPLICATE_METHOD_MATCH = YES;
				CODE_SIGN_IDENTITY = "iPhone Developer";
				CODE_SIGN_STYLE = Automatic;
				COPY_PHASE_STRIP = NO;
				DEBUG_INFORMATION_FORMAT = dwarf;
				ENABLE_STRICT_OBJC_MSGSEND = YES;
				ENABLE_TESTABILITY = YES;
				GCC_C_LANGUAGE_STANDARD = gnu11;
				GCC_DYNAMIC_NO_PIC = NO;
				GCC_NO_COMMON_BLOCKS = YES;
				GCC_OPTIMIZATION_LEVEL = 0;
				GCC_PREPROCESSOR_DEFINITIONS = (
					"DEBUG=1",
					"$(inherited)",
				);
				GCC_WARN_64_TO_32_BIT_CONVERSION = YES;
				GCC_WARN_ABOUT_RETURN_TYPE = YES_ERROR;
				GCC_WARN_UNDECLARED_SELECTOR = YES;
				GCC_WARN_UNINITIALIZED_AUTOS = YES_AGGRESSIVE;
				GCC_WARN_UNUSED_FUNCTION = YES;
				GCC_WARN_UNUSED_VARIABLE = YES;
				INFOPLIST_FILE = AppTest/Info.plist;
				LD_RUNPATH_SEARCH_PATHS = "$(inherited) @executable_path/Frameworks";
				MTL_ENABLE_DEBUG_INFO = YES;
				ONLY_ACTIVE_ARCH = YES;
				PRODUCT_BUNDLE_IDENTIFIER = com.wc.AppTest;
				PRODUCT_NAME = "$(TARGET_NAME)";
				SDKROOT = iphoneos;
				TARGETED_DEVICE_FAMILY = "1,2";
			};
			name = Debug;
		};
		4F86CF80206CBAA10080A9E1 /* Release */ = {
			isa = XCBuildConfiguration;
			buildSettings = {
				ALWAYS_SEARCH_USER_PATHS = NO;
				ASSETCATALOG_COMPILER_APPICON_NAME = AppIcon;
				CLANG_ANALYZER_NONNULL = YES;
				CLANG_ANALYZER_NUMBER_OBJECT_CONVERSION = YES_AGGRESSIVE;
				CLANG_CXX_LANGUAGE_STANDARD = "gnu++14";
				CLANG_CXX_LIBRARY = "libc++";
				CLANG_ENABLE_MODULES = YES;
				CLANG_ENABLE_OBJC_ARC = YES;
				CLANG_WARN_BLOCK_CAPTURE_AUTORELEASING = YES;
				CLANG_WARN_BOOL_CONVERSION = YES;
				CLANG_WARN_COMMA = YES;
				CLANG_WARN_CONSTANT_CONVERSION = YES;
				CLANG_WARN_DIRECT_OBJC_ISA_USAGE = YES_ERROR;
				CLANG_WARN_DOCUMENTATION_COMMENTS = YES;
				CLANG_WARN_EMPTY_BODY = YES;
				CLANG_WARN_ENUM_CONVERSION = YES;
				CLANG_WARN_INFINITE_RECURSION = YES;
				CLANG_WARN_INT_CONVERSION = YES;
				CLANG_WARN_NON_LITERAL_NULL_CONVERSION = YES;
				CLANG_WARN_OBJC_LITERAL_CONVERSION = YES;
				CLANG_WARN_OBJC_ROOT_CLASS = YES_ERROR;
				CLANG_WARN_RANGE_LOOP_ANALYSIS = YES;
				CLANG_WARN_STRICT_PROTOTYPES = YES;
				CLANG_WARN_SUSPICIOUS_MOVE = YES;
				CLANG_WARN_UNGUARDED_AVAILABILITY = YES_AGGRESSIVE;
				CLANG_WARN_UNREACHABLE_CODE = YES;
				CLANG_WARN__DUPLICATE_METHOD_MATCH = YES;
				CODE_SIGN_IDENTITY = "iPhone Developer";
				CODE_SIGN_STYLE = Automatic;
				COPY_PHASE_STRIP = NO;
				DEBUG_INFORMATION_FORMAT = "dwarf-with-dsym";
				ENABLE_NS_ASSERTIONS = NO;
				ENABLE_STRICT_OBJC_MSGSEND = YES;
				GCC_C_LANGUAGE_STANDARD = gnu11;
				GCC_NO_COMMON_BLOCKS = YES;
				GCC_WARN_64_TO_32_BIT_CONVERSION = YES;
				GCC_WARN_ABOUT_RETURN_TYPE = YES_ERROR;
				GCC_WARN_UNDECLARED_SELECTOR = YES;
				GCC_WARN_UNINITIALIZED_AUTOS = YES_AGGRESSIVE;
				GCC_WARN_UNUSED_FUNCTION = YES;
				GCC_WARN_UNUSED_VARIABLE = YES;
				INFOPLIST_FILE = AppTest/Info.plist;
				LD_RUNPATH_SEARCH_PATHS = "$(inherited) @executable_path/Frameworks";
				MTL_ENABLE_DEBUG_INFO = NO;
				PRODUCT_BUNDLE_IDENTIFIER = com.wc.AppTest;
				PRODUCT_NAME = "$(TARGET_NAME)";
				SDKROOT = iphoneos;
				TARGETED_DEVICE_FAMILY = "1,2";
				VALIDATE_PRODUCT = YES;
			};
			name = Release;
		};
/* End XCBuildConfiguration section */

/* Begin XCConfigurationList section */
		4F86CF63206CBA7B0080A9E1 /* Build configuration list for PBXProject "UIImageView+Addition" */ = {
			isa = XCConfigurationList;
			buildConfigurations = (
				4F86CF64206CBA7B0080A9E1 /* Debug */,
				4F86CF65206CBA7B0080A9E1 /* Release */,
			);
			defaultConfigurationIsVisible = 0;
			defaultConfigurationName = Release;
		};
		4F86CF7E206CBAA10080A9E1 /* Build configuration list for PBXNativeTarget "AppTest" */ = {
			isa = XCConfigurationList;
			buildConfigurations = (
				4F86CF7F206CBAA10080A9E1 /* Debug */,
				4F86CF80206CBAA10080A9E1 /* Release */,
			);
			defaultConfigurationIsVisible = 0;
			defaultConfigurationName = Release;
		};
/* End XCConfigurationList section */
	};
	rootObject = 4F86CF60206CBA7B0080A9E1 /* Project object */;
}
